Microsoft Visual Studio Solution File, Format Version 10.00
# Visual Studio 2008
Project("{8BC9CEB8-8B4A-11D0-8D11-00A0C91BC942}") = "postgres", "postgres.vcproj", "{DC9178BC-2925-450A-BD70-0904CC3643D1}"
EndProject
Project("{8BC9CEB8-8B4A-11D0-8D11-00A0C91BC942}") = "dict_snowball", "dict_snowball.vcproj", "{BF81A136-25B1-4877-95B1-91A99FBEDD53}"
EndProject
Project("{8BC9CEB8-8B4A-11D0-8D11-00A0C91BC942}") = "libpqwalreceiver", "libpqwalreceiver.vcproj", "{03094241-01D3-435F-9FA0-137CFB0AA6B0}"
EndProject
Project("{8BC9CEB8-8B4A-11D0-8D11-00A0C91BC942}") = "initdb", "initdb.vcproj", "{0166AF96-D026-4028-8CA2-7DC3B7F3A408}"
EndProject
Project("{8BC9CEB8-8B4A-11D0-8D11-00A0C91BC942}") = "pg_basebackup", "pg_basebackup.vcproj", "{2CA09976-F14E-4328-813F-ED11A77CB586}"
EndProject
Project("{8BC9CEB8-8B4A-11D0-8D11-00A0C91BC942}") = "pg_receivexlog", "pg_receivexlog.vcproj", "{188292AF-098A-4D4B-BCC7-EECDA27C3C85}"
EndProject
Project("{8BC9CEB8-8B4A-11D0-8D11-00A0C91BC942}") = "pg_config", "pg_config.vcproj", "{90AEF4DC-DFFF-4F4F-8C1A-461BA258B13B}"
EndProject
Project("{8BC9CEB8-8B4A-11D0-8D11-00A0C91BC942}") = "pg_controldata", "pg_controldata.vcproj", "{99136577-AC17-4B59-BE7A-82F9231DE1B3}"
EndProject
Project("{8BC9CEB8-8B4A-11D0-8D11-00A0C91BC942}") = "pg_ctl", "pg_ctl.vcproj", "{BC4DDA11-DF71-4F71-92EE-DB47DC958605}"
EndProject
Project("{8BC9CEB8-8B4A-11D0-8D11-00A0C91BC942}") = "pg_resetxlog", "pg_resetxlog.vcproj", "{0BB28328-3569-41F3-AEC8-616C596C0057}"
EndProject
Project("{8BC9CEB8-8B4A-11D0-8D11-00A0C91BC942}") = "pgevent", "pgevent.vcproj", "{0A51100E-A2E0-4D88-A008-9555401CFA97}"
EndProject
Project("{8BC9CEB8-8B4A-11D0-8D11-00A0C91BC942}") = "psql", "psql.vcproj", "{4EB0F6BC-219C-4F36-87D9-505DB14193A2}"
EndProject
Project("{8BC9CEB8-8B4A-11D0-8D11-00A0C91BC942}") = "pg_dump", "pg_dump.vcproj", "{8DF26B71-D8DF-4ECF-9A92-371966B319E4}"
EndProject
Project("{8BC9CEB8-8B4A-11D0-8D11-00A0C91BC942}") = "pg_dumpall", "pg_dumpall.vcproj", "{01379CF2-A2EB-45B3-8202-A8DD34F8BDDC}"
EndProject
Project("{8BC9CEB8-8B4A-11D0-8D11-00A0C91BC942}") = "pg_restore", "pg_restore.vcproj", "{E9A8E042-F5DF-4D87-832B-CCBCAFAA1596}"
EndProject
Project("{8BC9CEB8-8B4A-11D0-8D11-00A0C91BC942}") = "createdb", "createdb.vcproj", "{E06AD5BF-2903-407F-96A0-D53C318FCEE1}"
EndProject
Project("{8BC9CEB8-8B4A-11D0-8D11-00A0C91BC942}") = "createlang", "createlang.vcproj", "{32BDC21C-8DAF-403A-94DF-75BDADC9BD29}"
EndProject
Project("{8BC9CEB8-8B4A-11D0-8D11-00A0C91BC942}") = "createuser", "createuser.vcproj", "{20280DAB-C46C-40D5-A979-3B14DD43AA29}"
EndProject
Project("{8BC9CEB8-8B4A-11D0-8D11-00A0C91BC942}") = "dropdb", "dropdb.vcproj", "{E6EC1B86-A0C7-4222-A378-5A450E23B3B1}"
EndProject
Project("{8BC9CEB8-8B4A-11D0-8D11-00A0C91BC942}") = "droplang", "droplang.vcproj", "{FD3638DD-83B8-46CE-A158-D3D8CDDD2838}"
EndProject
Project("{8BC9CEB8-8B4A-11D0-8D11-00A0C91BC942}") = "dropuser", "dropuser.vcproj", "{0EC290DC-1DC1-4738-95C7-C4D42BCCBB73}"
EndProject
Project("{8BC9CEB8-8B4A-11D0-8D11-00A0C91BC942}") = "clusterdb", "clusterdb.vcproj", "{F8A99BA9-EF97-4D34-AF3D-F6B7483843A9}"
EndProject
Project("{8BC9CEB8-8B4A-11D0-8D11-00A0C91BC942}") = "vacuumdb", "vacuumdb.vcproj", "{796AB63F-4FA7-4A2E-863E-8D8DED4B5A2F}"
EndProject
Project("{8BC9CEB8-8B4A-11D0-8D11-00A0C91BC942}") = "reindexdb", "reindexdb.vcproj", "{EEE42AD2-2F79-48F3-B2C7-8964C75AB78A}"
EndProject
Project("{8BC9CEB8-8B4A-11D0-8D11-00A0C91BC942}") = "pg_isready", "pg_isready.vcproj", "{7D119779-618A-4FE6-BEDA-F36C576DB083}"
EndProject
Project("{2150E333-8FDC-42A3-9474-1A3956D46DE8}") = "bin", "bin", "{B7155CA7-CE6D-4E3D-B26B-A0D356E13348}"
EndProject
Project("{8BC9CEB8-8B4A-11D0-8D11-00A0C91BC942}") = "adminpack", "adminpack.vcproj", "{9A09EB80-D444-4D10-AA6F-71C3F013881A}"
EndProject
Project("{8BC9CEB8-8B4A-11D0-8D11-00A0C91BC942}") = "auth_delay", "auth_delay.vcproj", "{C72FE997-0B83-475C-A44C-6DAC3E2E8A6D}"
EndProject
Project("{8BC9CEB8-8B4A-11D0-8D11-00A0C91BC942}") = "auto_explain", "auto_explain.vcproj", "{AEDA170B-1E51-4345-B742-223E90510FDA}"
EndProject
Project("{8BC9CEB8-8B4A-11D0-8D11-00A0C91BC942}") = "btree_gin", "btree_gin.vcproj", "{E1435C7E-D906-4899-982E-9D238083A24B}"
EndProject
Project("{8BC9CEB8-8B4A-11D0-8D11-00A0C91BC942}") = "btree_gist", "btree_gist.vcproj", "{7576588C-31B3-4E62-BC5D-0A4E5230D9F1}"
EndProject
Project("{8BC9CEB8-8B4A-11D0-8D11-00A0C91BC942}") = "chkpass", "chkpass.vcproj", "{03DB626E-571A-4471-B116-86E64CE053B8}"
EndProject
Project("{8BC9CEB8-8B4A-11D0-8D11-00A0C91BC942}") = "citext", "citext.vcproj", "{86413DB0-9FA5-4225-AEF6-9E5872A53CC2}"
EndProject
Project("{8BC9CEB8-8B4A-11D0-8D11-00A0C91BC942}") = "cube", "cube.vcproj", "{61E5C1EC-E2E3-442A-BBA3-416164CCE275}"
EndProject
Project("{8BC9CEB8-8B4A-11D0-8D11-00A0C91BC942}") = "dblink", "dblink.vcproj", "{955FECA2-8276-4AD5-9C29-59092093522B}"
EndProject
Project("{8BC9CEB8-8B4A-11D0-8D11-00A0C91BC942}") = "dict_int", "dict_int.vcproj", "{A6F1C37F-D6EF-48AA-908B-422740D75E3E}"
EndProject
Project("{8BC9CEB8-8B4A-11D0-8D11-00A0C91BC942}") = "dict_xsyn", "dict_xsyn.vcproj", "{A181415E-A9D3-4300-8901-C733019D2437}"
EndProject
Project("{8BC9CEB8-8B4A-11D0-8D11-00A0C91BC942}") = "dummy_seclabel", "dummy_seclabel.vcproj", "{61B15011-32EE-47E6-BD16-B9AA84E21062}"
EndProject
Project("{8BC9CEB8-8B4A-11D0-8D11-00A0C91BC942}") = "earthdistance", "earthdistance.vcproj", "{75F70CB6-CFE4-4848-B130-6649BEB3D816}"
EndProject
Project("{8BC9CEB8-8B4A-11D0-8D11-00A0C91BC942}") = "file_fdw", "file_fdw.vcproj", "{12F7F83D-CE0E-45EF-822A-5F5E907C736E}"
EndProject
Project("{8BC9CEB8-8B4A-11D0-8D11-00A0C91BC942}") = "fuzzystrmatch", "fuzzystrmatch.vcproj", "{2902BF31-78EF-4E28-A941-C1C331C34B95}"
EndProject
Project("{8BC9CEB8-8B4A-11D0-8D11-00A0C91BC942}") = "hstore", "hstore.vcproj", "{8E153EC6-048A-447C-ABDB-C48AD6DFD623}"
EndProject
Project("{8BC9CEB8-8B4A-11D0-8D11-00A0C91BC942}") = "_int", "_int.vcproj", "{4597DFDA-7497-4D12-A70E-FAEC33AF4559}"
EndProject
Project("{8BC9CEB8-8B4A-11D0-8D11-00A0C91BC942}") = "isn", "isn.vcproj", "{EED9BCF1-14E0-4E7D-8864-1E6F53E40587}"
EndProject
Project("{8BC9CEB8-8B4A-11D0-8D11-00A0C91BC942}") = "lo", "lo.vcproj", "{F20B3BD7-1217-45E5-8844-D1AB17BC43F0}"
EndProject
Project("{8BC9CEB8-8B4A-11D0-8D11-00A0C91BC942}") = "ltree", "ltree.vcproj", "{AED5F45C-6E7C-4868-94FD-1C6400742E7A}"
EndProject
Project("{8BC9CEB8-8B4A-11D0-8D11-00A0C91BC942}") = "oid2name", "oid2name.vcproj", "{19D4999D-EED0-4D12-8290-AC9EBDA86C77}"
EndProject
Project("{8BC9CEB8-8B4A-11D0-8D11-00A0C91BC942}") = "pageinspect", "pageinspect.vcproj", "{51DAB46E-4EC7-401F-A5FA-B3E6BDFF3045}"
EndProject
Project("{8BC9CEB8-8B4A-11D0-8D11-00A0C91BC942}") = "passwordcheck", "passwordcheck.vcproj", "{3F21CDD5-6169-4F34-95AC-B60DFC711DE5}"
EndProject
Project("{8BC9CEB8-8B4A-11D0-8D11-00A0C91BC942}") = "pgbench", "pgbench.vcproj", "{F8EC3380-492B-4F20-AE6C-E7A31CC9F52C}"
EndProject
Project("{8BC9CEB8-8B4A-11D0-8D11-00A0C91BC942}") = "pgrowlocks", "pgrowlocks.vcproj", "{C0D69409-21A3-43F1-A4B5-95EDFE199D6E}"
EndProject
Project("{8BC9CEB8-8B4A-11D0-8D11-00A0C91BC942}") = "pgstattuple", "pgstattuple.vcproj", "{83CF71B9-CA02-43B2-931B-792A7E18F29A}"
EndProject
Project("{8BC9CEB8-8B4A-11D0-8D11-00A0C91BC942}") = "pg_archivecleanup", "pg_archivecleanup.vcproj", "{D885C55E-FB26-473D-BBDA-82D610C7D8AF}"
EndProject
Project("{8BC9CEB8-8B4A-11D0-8D11-00A0C91BC942}") = "pg_buffercache", "pg_buffercache.vcproj", "{8BDA42A1-4C73-4DBD-AD79-B85A7A699157}"
EndProject
Project("{8BC9CEB8-8B4A-11D0-8D11-00A0C91BC942}") = "pg_freespacemap", "pg_freespacemap.vcproj", "{87794EE2-F6C9-4D63-8DC8-C5E3033F66F6}"
EndProject
Project("{8BC9CEB8-8B4A-11D0-8D11-00A0C91BC942}") = "pg_standby", "pg_standby.vcproj", "{EA418E99-D9C3-43BF-A681-59DE79505BC7}"
EndProject
Project("{8BC9CEB8-8B4A-11D0-8D11-00A0C91BC942}") = "pg_stat_statements", "pg_stat_statements.vcproj", "{59E9865D-ED45-4365-BD3A-8C9F18F44B91}"
EndProject
Project("{8BC9CEB8-8B4A-11D0-8D11-00A0C91BC942}") = "pg_test_fsync", "pg_test_fsync.vcproj", "{AB1D0AA6-E57D-4F73-B479-E080833439BB}"
EndProject
Project("{8BC9CEB8-8B4A-11D0-8D11-00A0C91BC942}") = "pg_test_timing", "pg_test_timing.vcproj", "{B2FC5075-CA64-4E70-BF19-5C6F8EF9407F}"
EndProject
Project("{8BC9CEB8-8B4A-11D0-8D11-00A0C91BC942}") = "pg_trgm", "pg_trgm.vcproj", "{95F69AC1-2101-434F-B031-48B346D4831E}"
EndProject
Project("{8BC9CEB8-8B4A-11D0-8D11-00A0C91BC942}") = "pg_upgrade", "pg_upgrade.vcproj", "{5C5F9D49-1CBE-42D5-898D-0816890BB6BF}"
EndProject
Project("{8BC9CEB8-8B4A-11D0-8D11-00A0C91BC942}") = "pg_upgrade_support", "pg_upgrade_support.vcproj", "{A30669D7-C225-49D6-ABDB-86C2057E014D}"
EndProject
Project("{8BC9CEB8-8B4A-11D0-8D11-00A0C91BC942}") = "pg_xlogdump", "pg_xlogdump.vcproj", "{6FF85D1B-B0C4-4F41-9375-6BFC090349BB}"
EndProject
Project("{8BC9CEB8-8B4A-11D0-8D11-00A0C91BC942}") = "postgres_fdw", "postgres_fdw.vcproj", "{4B2B82DE-DA0F-4CF0-A777-D81AF364B995}"
EndProject
Project("{8BC9CEB8-8B4A-11D0-8D11-00A0C91BC942}") = "seg", "seg.vcproj", "{6408DC8F-3AD4-4745-A31B-E9C2AAF1DC70}"
EndProject
Project("{8BC9CEB8-8B4A-11D0-8D11-00A0C91BC942}") = "autoinc", "autoinc.vcproj", "{DB0C20C4-9726-4A61-AA9A-FD37E0C40665}"
EndProject
Project("{8BC9CEB8-8B4A-11D0-8D11-00A0C91BC942}") = "insert_username", "insert_username.vcproj", "{BB509FDA-7AF4-460B-94F3-C81AC2B4A3DD}"
EndProject
Project("{8BC9CEB8-8B4A-11D0-8D11-00A0C91BC942}") = "moddatetime", "moddatetime.vcproj", "{0A980293-5E54-4623-83AC-675DBB2D5844}"
EndProject
Project("{8BC9CEB8-8B4A-11D0-8D11-00A0C91BC942}") = "refint", "refint.vcproj", "{7C95F692-FB8B-4388-B78A-638209BB1ECF}"
EndProject
Project("{8BC9CEB8-8B4A-11D0-8D11-00A0C91BC942}") = "timetravel", "timetravel.vcproj", "{A5E0DFC1-C7A2-4808-90A8-76CAB4E37479}"
EndProject
Project("{8BC9CEB8-8B4A-11D0-8D11-00A0C91BC942}") = "tablefunc", "tablefunc.vcproj", "{E5D4E52A-32B8-4D6C-BE9F-E4B0ABCD63E9}"
EndProject
Project("{8BC9CEB8-8B4A-11D0-8D11-00A0C91BC942}") = "tcn", "tcn.vcproj", "{735AC264-28E2-4CE9-A5AB-55D1A9FFA7E3}"
EndProject
Project("{8BC9CEB8-8B4A-11D0-8D11-00A0C91BC942}") = "test_parser", "test_parser.vcproj", "{4942A7F7-A4E2-484A-A10E-0E99A04A9560}"
EndProject
Project("{8BC9CEB8-8B4A-11D0-8D11-00A0C91BC942}") = "tsearch2", "tsearch2.vcproj", "{06CFE68E-5D5A-4EB9-B4EF-B7D08A581143}"
EndProject
Project("{8BC9CEB8-8B4A-11D0-8D11-00A0C91BC942}") = "unaccent", "unaccent.vcproj", "{F176503F-50FB-4696-A154-522E0B495319}"
EndProject
Project("{8BC9CEB8-8B4A-11D0-8D11-00A0C91BC942}") = "vacuumlo", "vacuumlo.vcproj", "{44433B53-C39C-4116-9789-08C6FAE39575}"
EndProject
Project("{8BC9CEB8-8B4A-11D0-8D11-00A0C91BC942}") = "worker_spi", "worker_spi.vcproj", "{A12C04EE-0A5C-4E6F-9B73-9D4266A24C27}"
EndProject
Project("{2150E333-8FDC-42A3-9474-1A3956D46DE8}") = "contrib", "contrib", "{3EF54B1D-35E7-4CC6-931B-579D5DF37F94}"
EndProject
Project("{8BC9CEB8-8B4A-11D0-8D11-00A0C91BC942}") = "zic", "zic.vcproj", "{E206C55B-B27F-4C4A-A323-878BDADEF3DB}"
EndProject
Project("{2150E333-8FDC-42A3-9474-1A3956D46DE8}") = "utils", "utils", "{02182DB8-B990-486D-9B41-5E8253FAF020}"
EndProject
Project("{8BC9CEB8-8B4A-11D0-8D11-00A0C91BC942}") = "pgcrypto", "pgcrypto.vcproj", "{0AC3C829-A90A-4ABB-A96A-4E28C672E5EE}"
EndProject
Project("{2150E333-8FDC-42A3-9474-1A3956D46DE8}") = "crypto", "crypto", "{0D7B9A62-6AB6-4489-81C4-38C288222122}"
EndProject
Project("{8BC9CEB8-8B4A-11D0-8D11-00A0C91BC942}") = "plpgsql", "plpgsql.vcproj", "{8971B2C6-36B9-421A-BC54-80C7282A5893}"
EndProject
Project("{8BC9CEB8-8B4A-11D0-8D11-00A0C91BC942}") = "plperl", "plperl.vcproj", "{4284AB30-D4E0-4A73-B511-1C2DD6E5AB22}"
EndProject
Project("{8BC9CEB8-8B4A-11D0-8D11-00A0C91BC942}") = "plpython2", "plpython2.vcproj", "{AF9F3607-9C2A-4BD0-9F1B-EE9ECDD7B200}"
EndProject
Project("{2150E333-8FDC-42A3-9474-1A3956D46DE8}") = "PLs", "PLs", "{0CF998F0-1935-4A4F-BDB4-D12FE030599F}"
EndProject
Project("{8BC9CEB8-8B4A-11D0-8D11-00A0C91BC942}") = "libpq", "libpq.vcproj", "{1EDA7F40-2F04-4D1D-A298-0D2F98341EFE}"
EndProject
Project("{8BC9CEB8-8B4A-11D0-8D11-00A0C91BC942}") = "libpgtypes", "libpgtypes.vcproj", "{2AFB7845-4258-4FE9-8023-762DBFDED812}"
EndProject
Project("{8BC9CEB8-8B4A-11D0-8D11-00A0C91BC942}") = "libecpg", "libecpg.vcproj", "{8914A578-69AC-4B33-91C8-13D831219170}"
EndProject
Project("{8BC9CEB8-8B4A-11D0-8D11-00A0C91BC942}") = "libecpg_compat", "libecpg_compat.vcproj", "{5A965013-0E13-4FE2-B916-C753813603BE}"
EndProject
Project("{8BC9CEB8-8B4A-11D0-8D11-00A0C91BC942}") = "ecpg", "ecpg.vcproj", "{2B94C1C2-A5EE-4475-B768-A0F8DECC53CD}"
EndProject
Project("{2150E333-8FDC-42A3-9474-1A3956D46DE8}") = "interfaces", "interfaces", "{51D90D08-23A2-4950-B58A-AA12F55A2D73}"
EndProject
Project("{8BC9CEB8-8B4A-11D0-8D11-00A0C91BC942}") = "libpgport", "libpgport.vcproj", "{BE689102-A2B6-4548-96D6-981334FAA777}"
EndProject
Project("{8BC9CEB8-8B4A-11D0-8D11-00A0C91BC942}") = "libpgcommon", "libpgcommon.vcproj", "{D25FCDDD-915C-41E5-AD0F-93A08A86D41C}"
EndProject
Project("{8BC9CEB8-8B4A-11D0-8D11-00A0C91BC942}") = "pg_regress_ecpg", "pg_regress_ecpg.vcproj", "{BAEE03AE-EBA9-4BF5-A1D9-A54E59890147}"
EndProject
Project("{8BC9CEB8-8B4A-11D0-8D11-00A0C91BC942}") = "isolationtester", "isolationtester.vcproj", "{0694A0CC-4F64-4B3E-A186-FE28BAFBB966}"
EndProject
Project("{8BC9CEB8-8B4A-11D0-8D11-00A0C91BC942}") = "pg_isolation_regress", "pg_isolation_regress.vcproj", "{0EC07B99-80A5-4F29-91B0-53F012B622FD}"
EndProject
Project("{8BC9CEB8-8B4A-11D0-8D11-00A0C91BC942}") = "regress", "regress.vcproj", "{374C92FC-4E89-414D-B26D-6D0F001EAE7A}"
EndProject
Project("{8BC9CEB8-8B4A-11D0-8D11-00A0C91BC942}") = "pg_regress", "pg_regress.vcproj", "{A620358E-97E4-4618-BA02-30025023D326}"
EndProject
Project("{2150E333-8FDC-42A3-9474-1A3956D46DE8}") = "misc", "misc", "{2023ED33-D591-4E8F-B7B7-16369A6911F5}"
EndProject
Project("{8BC9CEB8-8B4A-11D0-8D11-00A0C91BC942}") = "ascii_and_mic", "ascii_and_mic.vcproj", "{CDD40A82-F177-47E0-A132-9F60CA2AD6CF}"
EndProject
Project("{8BC9CEB8-8B4A-11D0-8D11-00A0C91BC942}") = "cyrillic_and_mic", "cyrillic_and_mic.vcproj", "{1FD36ED4-EC81-4D13-9F94-3D7CD7485301}"
EndProject
Project("{8BC9CEB8-8B4A-11D0-8D11-00A0C91BC942}") = "euc_cn_and_mic", "euc_cn_and_mic.vcproj", "{6E1B2B5D-CBD4-4BFF-B1FD-5FB6885F9F01}"
EndProject
Project("{8BC9CEB8-8B4A-11D0-8D11-00A0C91BC942}") = "euc_jp_and_sjis", "euc_jp_and_sjis.vcproj", "{A7204692-909B-426C-B060-F44A46F8C58C}"
EndProject
Project("{8BC9CEB8-8B4A-11D0-8D11-00A0C91BC942}") = "euc_kr_and_mic", "euc_kr_and_mic.vcproj", "{CC133DE2-9EFB-4F41-B616-5FD833239B79}"
EndProject
Project("{8BC9CEB8-8B4A-11D0-8D11-00A0C91BC942}") = "euc_tw_and_big5", "euc_tw_and_big5.vcproj", "{D42EE980-5608-4D56-8258-667D0642C6F5}"
EndProject
Project("{8BC9CEB8-8B4A-11D0-8D11-00A0C91BC942}") = "latin2_and_win1250", "latin2_and_win1250.vcproj", "{9A2D92B8-2E94-44F4-A9BE-00B9EF6D7D2F}"
EndProject
Project("{8BC9CEB8-8B4A-11D0-8D11-00A0C91BC942}") = "latin_and_mic", "latin_and_mic.vcproj", "{F5803572-6F5F-4D56-93D1-51999598BD93}"
EndProject
Project("{8BC9CEB8-8B4A-11D0-8D11-00A0C91BC942}") = "utf8_and_ascii", "utf8_and_ascii.vcproj", "{63D44F41-0657-4CD8-BA10-503CF364FF8B}"
EndProject
Project("{8BC9CEB8-8B4A-11D0-8D11-00A0C91BC942}") = "utf8_and_big5", "utf8_and_big5.vcproj", "{EC9C5C04-FC49-4A29-BD5B-2F418E833988}"
EndProject
Project("{8BC9CEB8-8B4A-11D0-8D11-00A0C91BC942}") = "utf8_and_cyrillic", "utf8_and_cyrillic.vcproj", "{8DF25F3F-395F-45BF-B4AC-B7F27463D64C}"
EndProject
Project("{8BC9CEB8-8B4A-11D0-8D11-00A0C91BC942}") = "utf8_and_euc_cn", "utf8_and_euc_cn.vcproj", "{A0B51739-E797-4006-BCAD-E5F9675FAD55}"
EndProject
Project("{8BC9CEB8-8B4A-11D0-8D11-00A0C91BC942}") = "utf8_and_euc_jp", "utf8_and_euc_jp.vcproj", "{C2497D2D-5C8A-4226-8F57-BE97B06E311E}"
EndProject
Project("{8BC9CEB8-8B4A-11D0-8D11-00A0C91BC942}") = "utf8_and_euc_kr", "utf8_and_euc_kr.vcproj", "{074498B5-64CB-4AC6-920B-42E0B2CBFFC3}"
EndProject
Project("{8BC9CEB8-8B4A-11D0-8D11-00A0C91BC942}") = "utf8_and_euc_tw", "utf8_and_euc_tw.vcproj", "{79233EA1-A882-460C-9652-308674302041}"
EndProject
Project("{8BC9CEB8-8B4A-11D0-8D11-00A0C91BC942}") = "utf8_and_gb18030", "utf8_and_gb18030.vcproj", "{F1FBFE29-0B37-484D-AC5A-DE8AA3C0F97C}"
EndProject
Project("{8BC9CEB8-8B4A-11D0-8D11-00A0C91BC942}") = "utf8_and_gbk", "utf8_and_gbk.vcproj", "{7002FD8F-C2BD-456A-A1F0-DA569949067F}"
EndProject
Project("{8BC9CEB8-8B4A-11D0-8D11-00A0C91BC942}") = "utf8_and_iso8859", "utf8_and_iso8859.vcproj", "{960FBDCD-D10B-4429-A93F-4EE5DDE27FF9}"
EndProject
Project("{8BC9CEB8-8B4A-11D0-8D11-00A0C91BC942}") = "utf8_and_iso8859_1", "utf8_and_iso8859_1.vcproj", "{52D4DE92-65C1-41B0-86E5-2C1DD2D5A8B9}"
EndProject
Project("{8BC9CEB8-8B4A-11D0-8D11-00A0C91BC942}") = "utf8_and_johab", "utf8_and_johab.vcproj", "{9D4E88B5-1E19-44F0-948F-E9876523F735}"
EndProject
Project("{8BC9CEB8-8B4A-11D0-8D11-00A0C91BC942}") = "utf8_and_sjis", "utf8_and_sjis.vcproj", "{4CA996F1-0B95-4763-8A9C-4C0E0F502617}"
EndProject
Project("{8BC9CEB8-8B4A-11D0-8D11-00A0C91BC942}") = "utf8_and_win", "utf8_and_win.vcproj", "{EAC53B42-01C4-4ED8-AEA1-E61C8154A4AF}"
EndProject
Project("{8BC9CEB8-8B4A-11D0-8D11-00A0C91BC942}") = "utf8_and_uhc", "utf8_and_uhc.vcproj", "{683DC69F-A392-4AB3-96D7-BAF6A8D81460}"
EndProject
Project("{8BC9CEB8-8B4A-11D0-8D11-00A0C91BC942}") = "utf8_and_euc2004", "utf8_and_euc2004.vcproj", "{789DCCAF-89BD-423F-8CCC-9BDBE7303E3E}"
EndProject
Project("{8BC9CEB8-8B4A-11D0-8D11-00A0C91BC942}") = "utf8_and_sjis2004", "utf8_and_sjis2004.vcproj", "{8EE6FB6B-7509-4F31-8370-75C541AA3FAA}"
EndProject
Project("{8BC9CEB8-8B4A-11D0-8D11-00A0C91BC942}") = "euc2004_sjis2004", "euc2004_sjis2004.vcproj", "{967DB08B-7552-45F4-90C8-76BBF7486806}"
EndProject
Project("{2150E333-8FDC-42A3-9474-1A3956D46DE8}") = "conversion procs", "conversion procs", "{208F0995-AB4B-4734-BF30-74513BAB4A59}"
EndProject
Global
	GlobalSection(SolutionConfigurationPlatforms) = preSolution
		Debug|Win32= Debug|Win32
		Release|Win32 = Release|Win32
	EndGlobalSection
	GlobalSection(ProjectConfigurationPlatforms) = postSolution
		{DC9178BC-2925-450A-BD70-0904CC3643D1}.Debug|Win32.ActiveCfg = Debug|Win32
		{DC9178BC-2925-450A-BD70-0904CC3643D1}.Debug|Win32.Build.0  = Debug|Win32
		{DC9178BC-2925-450A-BD70-0904CC3643D1}.Release|Win32.ActiveCfg = Release|Win32
		{DC9178BC-2925-450A-BD70-0904CC3643D1}.Release|Win32.Build.0 = Release|Win32
		{BF81A136-25B1-4877-95B1-91A99FBEDD53}.Debug|Win32.ActiveCfg = Debug|Win32
		{BF81A136-25B1-4877-95B1-91A99FBEDD53}.Debug|Win32.Build.0  = Debug|Win32
		{BF81A136-25B1-4877-95B1-91A99FBEDD53}.Release|Win32.ActiveCfg = Release|Win32
		{BF81A136-25B1-4877-95B1-91A99FBEDD53}.Release|Win32.Build.0 = Release|Win32
		{03094241-01D3-435F-9FA0-137CFB0AA6B0}.Debug|Win32.ActiveCfg = Debug|Win32
		{03094241-01D3-435F-9FA0-137CFB0AA6B0}.Debug|Win32.Build.0  = Debug|Win32
		{03094241-01D3-435F-9FA0-137CFB0AA6B0}.Release|Win32.ActiveCfg = Release|Win32
		{03094241-01D3-435F-9FA0-137CFB0AA6B0}.Release|Win32.Build.0 = Release|Win32
		{0166AF96-D026-4028-8CA2-7DC3B7F3A408}.Debug|Win32.ActiveCfg = Debug|Win32
		{0166AF96-D026-4028-8CA2-7DC3B7F3A408}.Debug|Win32.Build.0  = Debug|Win32
		{0166AF96-D026-4028-8CA2-7DC3B7F3A408}.Release|Win32.ActiveCfg = Release|Win32
		{0166AF96-D026-4028-8CA2-7DC3B7F3A408}.Release|Win32.Build.0 = Release|Win32
		{2CA09976-F14E-4328-813F-ED11A77CB586}.Debug|Win32.ActiveCfg = Debug|Win32
		{2CA09976-F14E-4328-813F-ED11A77CB586}.Debug|Win32.Build.0  = Debug|Win32
		{2CA09976-F14E-4328-813F-ED11A77CB586}.Release|Win32.ActiveCfg = Release|Win32
		{2CA09976-F14E-4328-813F-ED11A77CB586}.Release|Win32.Build.0 = Release|Win32
		{188292AF-098A-4D4B-BCC7-EECDA27C3C85}.Debug|Win32.ActiveCfg = Debug|Win32
		{188292AF-098A-4D4B-BCC7-EECDA27C3C85}.Debug|Win32.Build.0  = Debug|Win32
		{188292AF-098A-4D4B-BCC7-EECDA27C3C85}.Release|Win32.ActiveCfg = Release|Win32
		{188292AF-098A-4D4B-BCC7-EECDA27C3C85}.Release|Win32.Build.0 = Release|Win32
		{90AEF4DC-DFFF-4F4F-8C1A-461BA258B13B}.Debug|Win32.ActiveCfg = Debug|Win32
		{90AEF4DC-DFFF-4F4F-8C1A-461BA258B13B}.Debug|Win32.Build.0  = Debug|Win32
		{90AEF4DC-DFFF-4F4F-8C1A-461BA258B13B}.Release|Win32.ActiveCfg = Release|Win32
		{90AEF4DC-DFFF-4F4F-8C1A-461BA258B13B}.Release|Win32.Build.0 = Release|Win32
		{99136577-AC17-4B59-BE7A-82F9231DE1B3}.Debug|Win32.ActiveCfg = Debug|Win32
		{99136577-AC17-4B59-BE7A-82F9231DE1B3}.Debug|Win32.Build.0  = Debug|Win32
		{99136577-AC17-4B59-BE7A-82F9231DE1B3}.Release|Win32.ActiveCfg = Release|Win32
		{99136577-AC17-4B59-BE7A-82F9231DE1B3}.Release|Win32.Build.0 = Release|Win32
		{BC4DDA11-DF71-4F71-92EE-DB47DC958605}.Debug|Win32.ActiveCfg = Debug|Win32
		{BC4DDA11-DF71-4F71-92EE-DB47DC958605}.Debug|Win32.Build.0  = Debug|Win32
		{BC4DDA11-DF71-4F71-92EE-DB47DC958605}.Release|Win32.ActiveCfg = Release|Win32
		{BC4DDA11-DF71-4F71-92EE-DB47DC958605}.Release|Win32.Build.0 = Release|Win32
		{0BB28328-3569-41F3-AEC8-616C596C0057}.Debug|Win32.ActiveCfg = Debug|Win32
		{0BB28328-3569-41F3-AEC8-616C596C0057}.Debug|Win32.Build.0  = Debug|Win32
		{0BB28328-3569-41F3-AEC8-616C596C0057}.Release|Win32.ActiveCfg = Release|Win32
		{0BB28328-3569-41F3-AEC8-616C596C0057}.Release|Win32.Build.0 = Release|Win32
		{0A51100E-A2E0-4D88-A008-9555401CFA97}.Debug|Win32.ActiveCfg = Debug|Win32
		{0A51100E-A2E0-4D88-A008-9555401CFA97}.Debug|Win32.Build.0  = Debug|Win32
		{0A51100E-A2E0-4D88-A008-9555401CFA97}.Release|Win32.ActiveCfg = Release|Win32
		{0A51100E-A2E0-4D88-A008-9555401CFA97}.Release|Win32.Build.0 = Release|Win32
		{4EB0F6BC-219C-4F36-87D9-505DB14193A2}.Debug|Win32.ActiveCfg = Debug|Win32
		{4EB0F6BC-219C-4F36-87D9-505DB14193A2}.Debug|Win32.Build.0  = Debug|Win32
		{4EB0F6BC-219C-4F36-87D9-505DB14193A2}.Release|Win32.ActiveCfg = Release|Win32
		{4EB0F6BC-219C-4F36-87D9-505DB14193A2}.Release|Win32.Build.0 = Release|Win32
		{8DF26B71-D8DF-4ECF-9A92-371966B319E4}.Debug|Win32.ActiveCfg = Debug|Win32
		{8DF26B71-D8DF-4ECF-9A92-371966B319E4}.Debug|Win32.Build.0  = Debug|Win32
		{8DF26B71-D8DF-4ECF-9A92-371966B319E4}.Release|Win32.ActiveCfg = Release|Win32
		{8DF26B71-D8DF-4ECF-9A92-371966B319E4}.Release|Win32.Build.0 = Release|Win32
		{01379CF2-A2EB-45B3-8202-A8DD34F8BDDC}.Debug|Win32.ActiveCfg = Debug|Win32
		{01379CF2-A2EB-45B3-8202-A8DD34F8BDDC}.Debug|Win32.Build.0  = Debug|Win32
		{01379CF2-A2EB-45B3-8202-A8DD34F8BDDC}.Release|Win32.ActiveCfg = Release|Win32
		{01379CF2-A2EB-45B3-8202-A8DD34F8BDDC}.Release|Win32.Build.0 = Release|Win32
		{E9A8E042-F5DF-4D87-832B-CCBCAFAA1596}.Debug|Win32.ActiveCfg = Debug|Win32
		{E9A8E042-F5DF-4D87-832B-CCBCAFAA1596}.Debug|Win32.Build.0  = Debug|Win32
		{E9A8E042-F5DF-4D87-832B-CCBCAFAA1596}.Release|Win32.ActiveCfg = Release|Win32
		{E9A8E042-F5DF-4D87-832B-CCBCAFAA1596}.Release|Win32.Build.0 = Release|Win32
		{E06AD5BF-2903-407F-96A0-D53C318FCEE1}.Debug|Win32.ActiveCfg = Debug|Win32
		{E06AD5BF-2903-407F-96A0-D53C318FCEE1}.Debug|Win32.Build.0  = Debug|Win32
		{E06AD5BF-2903-407F-96A0-D53C318FCEE1}.Release|Win32.ActiveCfg = Release|Win32
		{E06AD5BF-2903-407F-96A0-D53C318FCEE1}.Release|Win32.Build.0 = Release|Win32
		{32BDC21C-8DAF-403A-94DF-75BDADC9BD29}.Debug|Win32.ActiveCfg = Debug|Win32
		{32BDC21C-8DAF-403A-94DF-75BDADC9BD29}.Debug|Win32.Build.0  = Debug|Win32
		{32BDC21C-8DAF-403A-94DF-75BDADC9BD29}.Release|Win32.ActiveCfg = Release|Win32
		{32BDC21C-8DAF-403A-94DF-75BDADC9BD29}.Release|Win32.Build.0 = Release|Win32
		{20280DAB-C46C-40D5-A979-3B14DD43AA29}.Debug|Win32.ActiveCfg = Debug|Win32
		{20280DAB-C46C-40D5-A979-3B14DD43AA29}.Debug|Win32.Build.0  = Debug|Win32
		{20280DAB-C46C-40D5-A979-3B14DD43AA29}.Release|Win32.ActiveCfg = Release|Win32
		{20280DAB-C46C-40D5-A979-3B14DD43AA29}.Release|Win32.Build.0 = Release|Win32
		{E6EC1B86-A0C7-4222-A378-5A450E23B3B1}.Debug|Win32.ActiveCfg = Debug|Win32
		{E6EC1B86-A0C7-4222-A378-5A450E23B3B1}.Debug|Win32.Build.0  = Debug|Win32
		{E6EC1B86-A0C7-4222-A378-5A450E23B3B1}.Release|Win32.ActiveCfg = Release|Win32
		{E6EC1B86-A0C7-4222-A378-5A450E23B3B1}.Release|Win32.Build.0 = Release|Win32
		{FD3638DD-83B8-46CE-A158-D3D8CDDD2838}.Debug|Win32.ActiveCfg = Debug|Win32
		{FD3638DD-83B8-46CE-A158-D3D8CDDD2838}.Debug|Win32.Build.0  = Debug|Win32
		{FD3638DD-83B8-46CE-A158-D3D8CDDD2838}.Release|Win32.ActiveCfg = Release|Win32
		{FD3638DD-83B8-46CE-A158-D3D8CDDD2838}.Release|Win32.Build.0 = Release|Win32
		{0EC290DC-1DC1-4738-95C7-C4D42BCCBB73}.Debug|Win32.ActiveCfg = Debug|Win32
		{0EC290DC-1DC1-4738-95C7-C4D42BCCBB73}.Debug|Win32.Build.0  = Debug|Win32
		{0EC290DC-1DC1-4738-95C7-C4D42BCCBB73}.Release|Win32.ActiveCfg = Release|Win32
		{0EC290DC-1DC1-4738-95C7-C4D42BCCBB73}.Release|Win32.Build.0 = Release|Win32
		{F8A99BA9-EF97-4D34-AF3D-F6B7483843A9}.Debug|Win32.ActiveCfg = Debug|Win32
		{F8A99BA9-EF97-4D34-AF3D-F6B7483843A9}.Debug|Win32.Build.0  = Debug|Win32
		{F8A99BA9-EF97-4D34-AF3D-F6B7483843A9}.Release|Win32.ActiveCfg = Release|Win32
		{F8A99BA9-EF97-4D34-AF3D-F6B7483843A9}.Release|Win32.Build.0 = Release|Win32
		{796AB63F-4FA7-4A2E-863E-8D8DED4B5A2F}.Debug|Win32.ActiveCfg = Debug|Win32
		{796AB63F-4FA7-4A2E-863E-8D8DED4B5A2F}.Debug|Win32.Build.0  = Debug|Win32
		{796AB63F-4FA7-4A2E-863E-8D8DED4B5A2F}.Release|Win32.ActiveCfg = Release|Win32
		{796AB63F-4FA7-4A2E-863E-8D8DED4B5A2F}.Release|Win32.Build.0 = Release|Win32
		{EEE42AD2-2F79-48F3-B2C7-8964C75AB78A}.Debug|Win32.ActiveCfg = Debug|Win32
		{EEE42AD2-2F79-48F3-B2C7-8964C75AB78A}.Debug|Win32.Build.0  = Debug|Win32
		{EEE42AD2-2F79-48F3-B2C7-8964C75AB78A}.Release|Win32.ActiveCfg = Release|Win32
		{EEE42AD2-2F79-48F3-B2C7-8964C75AB78A}.Release|Win32.Build.0 = Release|Win32
		{7D119779-618A-4FE6-BEDA-F36C576DB083}.Debug|Win32.ActiveCfg = Debug|Win32
		{7D119779-618A-4FE6-BEDA-F36C576DB083}.Debug|Win32.Build.0  = Debug|Win32
		{7D119779-618A-4FE6-BEDA-F36C576DB083}.Release|Win32.ActiveCfg = Release|Win32
		{7D119779-618A-4FE6-BEDA-F36C576DB083}.Release|Win32.Build.0 = Release|Win32
		{9A09EB80-D444-4D10-AA6F-71C3F013881A}.Debug|Win32.ActiveCfg = Debug|Win32
		{9A09EB80-D444-4D10-AA6F-71C3F013881A}.Debug|Win32.Build.0  = Debug|Win32
		{9A09EB80-D444-4D10-AA6F-71C3F013881A}.Release|Win32.ActiveCfg = Release|Win32
		{9A09EB80-D444-4D10-AA6F-71C3F013881A}.Release|Win32.Build.0 = Release|Win32
		{C72FE997-0B83-475C-A44C-6DAC3E2E8A6D}.Debug|Win32.ActiveCfg = Debug|Win32
		{C72FE997-0B83-475C-A44C-6DAC3E2E8A6D}.Debug|Win32.Build.0  = Debug|Win32
		{C72FE997-0B83-475C-A44C-6DAC3E2E8A6D}.Release|Win32.ActiveCfg = Release|Win32
		{C72FE997-0B83-475C-A44C-6DAC3E2E8A6D}.Release|Win32.Build.0 = Release|Win32
		{AEDA170B-1E51-4345-B742-223E90510FDA}.Debug|Win32.ActiveCfg = Debug|Win32
		{AEDA170B-1E51-4345-B742-223E90510FDA}.Debug|Win32.Build.0  = Debug|Win32
		{AEDA170B-1E51-4345-B742-223E90510FDA}.Release|Win32.ActiveCfg = Release|Win32
		{AEDA170B-1E51-4345-B742-223E90510FDA}.Release|Win32.Build.0 = Release|Win32
		{E1435C7E-D906-4899-982E-9D238083A24B}.Debug|Win32.ActiveCfg = Debug|Win32
		{E1435C7E-D906-4899-982E-9D238083A24B}.Debug|Win32.Build.0  = Debug|Win32
		{E1435C7E-D906-4899-982E-9D238083A24B}.Release|Win32.ActiveCfg = Release|Win32
		{E1435C7E-D906-4899-982E-9D238083A24B}.Release|Win32.Build.0 = Release|Win32
		{7576588C-31B3-4E62-BC5D-0A4E5230D9F1}.Debug|Win32.ActiveCfg = Debug|Win32
		{7576588C-31B3-4E62-BC5D-0A4E5230D9F1}.Debug|Win32.Build.0  = Debug|Win32
		{7576588C-31B3-4E62-BC5D-0A4E5230D9F1}.Release|Win32.ActiveCfg = Release|Win32
		{7576588C-31B3-4E62-BC5D-0A4E5230D9F1}.Release|Win32.Build.0 = Release|Win32
		{03DB626E-571A-4471-B116-86E64CE053B8}.Debug|Win32.ActiveCfg = Debug|Win32
		{03DB626E-571A-4471-B116-86E64CE053B8}.Debug|Win32.Build.0  = Debug|Win32
		{03DB626E-571A-4471-B116-86E64CE053B8}.Release|Win32.ActiveCfg = Release|Win32
		{03DB626E-571A-4471-B116-86E64CE053B8}.Release|Win32.Build.0 = Release|Win32
		{86413DB0-9FA5-4225-AEF6-9E5872A53CC2}.Debug|Win32.ActiveCfg = Debug|Win32
		{86413DB0-9FA5-4225-AEF6-9E5872A53CC2}.Debug|Win32.Build.0  = Debug|Win32
		{86413DB0-9FA5-4225-AEF6-9E5872A53CC2}.Release|Win32.ActiveCfg = Release|Win32
		{86413DB0-9FA5-4225-AEF6-9E5872A53CC2}.Release|Win32.Build.0 = Release|Win32
		{61E5C1EC-E2E3-442A-BBA3-416164CCE275}.Debug|Win32.ActiveCfg = Debug|Win32
		{61E5C1EC-E2E3-442A-BBA3-416164CCE275}.Debug|Win32.Build.0  = Debug|Win32
		{61E5C1EC-E2E3-442A-BBA3-416164CCE275}.Release|Win32.ActiveCfg = Release|Win32
		{61E5C1EC-E2E3-442A-BBA3-416164CCE275}.Release|Win32.Build.0 = Release|Win32
		{955FECA2-8276-4AD5-9C29-59092093522B}.Debug|Win32.ActiveCfg = Debug|Win32
		{955FECA2-8276-4AD5-9C29-59092093522B}.Debug|Win32.Build.0  = Debug|Win32
		{955FECA2-8276-4AD5-9C29-59092093522B}.Release|Win32.ActiveCfg = Release|Win32
		{955FECA2-8276-4AD5-9C29-59092093522B}.Release|Win32.Build.0 = Release|Win32
		{A6F1C37F-D6EF-48AA-908B-422740D75E3E}.Debug|Win32.ActiveCfg = Debug|Win32
		{A6F1C37F-D6EF-48AA-908B-422740D75E3E}.Debug|Win32.Build.0  = Debug|Win32
		{A6F1C37F-D6EF-48AA-908B-422740D75E3E}.Release|Win32.ActiveCfg = Release|Win32
		{A6F1C37F-D6EF-48AA-908B-422740D75E3E}.Release|Win32.Build.0 = Release|Win32
		{A181415E-A9D3-4300-8901-C733019D2437}.Debug|Win32.ActiveCfg = Debug|Win32
		{A181415E-A9D3-4300-8901-C733019D2437}.Debug|Win32.Build.0  = Debug|Win32
		{A181415E-A9D3-4300-8901-C733019D2437}.Release|Win32.ActiveCfg = Release|Win32
		{A181415E-A9D3-4300-8901-C733019D2437}.Release|Win32.Build.0 = Release|Win32
		{61B15011-32EE-47E6-BD16-B9AA84E21062}.Debug|Win32.ActiveCfg = Debug|Win32
		{61B15011-32EE-47E6-BD16-B9AA84E21062}.Debug|Win32.Build.0  = Debug|Win32
		{61B15011-32EE-47E6-BD16-B9AA84E21062}.Release|Win32.ActiveCfg = Release|Win32
		{61B15011-32EE-47E6-BD16-B9AA84E21062}.Release|Win32.Build.0 = Release|Win32
		{75F70CB6-CFE4-4848-B130-6649BEB3D816}.Debug|Win32.ActiveCfg = Debug|Win32
		{75F70CB6-CFE4-4848-B130-6649BEB3D816}.Debug|Win32.Build.0  = Debug|Win32
		{75F70CB6-CFE4-4848-B130-6649BEB3D816}.Release|Win32.ActiveCfg = Release|Win32
		{75F70CB6-CFE4-4848-B130-6649BEB3D816}.Release|Win32.Build.0 = Release|Win32
		{12F7F83D-CE0E-45EF-822A-5F5E907C736E}.Debug|Win32.ActiveCfg = Debug|Win32
		{12F7F83D-CE0E-45EF-822A-5F5E907C736E}.Debug|Win32.Build.0  = Debug|Win32
		{12F7F83D-CE0E-45EF-822A-5F5E907C736E}.Release|Win32.ActiveCfg = Release|Win32
		{12F7F83D-CE0E-45EF-822A-5F5E907C736E}.Release|Win32.Build.0 = Release|Win32
		{2902BF31-78EF-4E28-A941-C1C331C34B95}.Debug|Win32.ActiveCfg = Debug|Win32
		{2902BF31-78EF-4E28-A941-C1C331C34B95}.Debug|Win32.Build.0  = Debug|Win32
		{2902BF31-78EF-4E28-A941-C1C331C34B95}.Release|Win32.ActiveCfg = Release|Win32
		{2902BF31-78EF-4E28-A941-C1C331C34B95}.Release|Win32.Build.0 = Release|Win32
		{8E153EC6-048A-447C-ABDB-C48AD6DFD623}.Debug|Win32.ActiveCfg = Debug|Win32
		{8E153EC6-048A-447C-ABDB-C48AD6DFD623}.Debug|Win32.Build.0  = Debug|Win32
		{8E153EC6-048A-447C-ABDB-C48AD6DFD623}.Release|Win32.ActiveCfg = Release|Win32
		{8E153EC6-048A-447C-ABDB-C48AD6DFD623}.Release|Win32.Build.0 = Release|Win32
		{4597DFDA-7497-4D12-A70E-FAEC33AF4559}.Debug|Win32.ActiveCfg = Debug|Win32
		{4597DFDA-7497-4D12-A70E-FAEC33AF4559}.Debug|Win32.Build.0  = Debug|Win32
		{4597DFDA-7497-4D12-A70E-FAEC33AF4559}.Release|Win32.ActiveCfg = Release|Win32
		{4597DFDA-7497-4D12-A70E-FAEC33AF4559}.Release|Win32.Build.0 = Release|Win32
		{EED9BCF1-14E0-4E7D-8864-1E6F53E40587}.Debug|Win32.ActiveCfg = Debug|Win32
		{EED9BCF1-14E0-4E7D-8864-1E6F53E40587}.Debug|Win32.Build.0  = Debug|Win32
		{EED9BCF1-14E0-4E7D-8864-1E6F53E40587}.Release|Win32.ActiveCfg = Release|Win32
		{EED9BCF1-14E0-4E7D-8864-1E6F53E40587}.Release|Win32.Build.0 = Release|Win32
		{F20B3BD7-1217-45E5-8844-D1AB17BC43F0}.Debug|Win32.ActiveCfg = Debug|Win32
		{F20B3BD7-1217-45E5-8844-D1AB17BC43F0}.Debug|Win32.Build.0  = Debug|Win32
		{F20B3BD7-1217-45E5-8844-D1AB17BC43F0}.Release|Win32.ActiveCfg = Release|Win32
		{F20B3BD7-1217-45E5-8844-D1AB17BC43F0}.Release|Win32.Build.0 = Release|Win32
		{AED5F45C-6E7C-4868-94FD-1C6400742E7A}.Debug|Win32.ActiveCfg = Debug|Win32
		{AED5F45C-6E7C-4868-94FD-1C6400742E7A}.Debug|Win32.Build.0  = Debug|Win32
		{AED5F45C-6E7C-4868-94FD-1C6400742E7A}.Release|Win32.ActiveCfg = Release|Win32
		{AED5F45C-6E7C-4868-94FD-1C6400742E7A}.Release|Win32.Build.0 = Release|Win32
		{19D4999D-EED0-4D12-8290-AC9EBDA86C77}.Debug|Win32.ActiveCfg = Debug|Win32
		{19D4999D-EED0-4D12-8290-AC9EBDA86C77}.Debug|Win32.Build.0  = Debug|Win32
		{19D4999D-EED0-4D12-8290-AC9EBDA86C77}.Release|Win32.ActiveCfg = Release|Win32
		{19D4999D-EED0-4D12-8290-AC9EBDA86C77}.Release|Win32.Build.0 = Release|Win32
		{51DAB46E-4EC7-401F-A5FA-B3E6BDFF3045}.Debug|Win32.ActiveCfg = Debug|Win32
		{51DAB46E-4EC7-401F-A5FA-B3E6BDFF3045}.Debug|Win32.Build.0  = Debug|Win32
		{51DAB46E-4EC7-401F-A5FA-B3E6BDFF3045}.Release|Win32.ActiveCfg = Release|Win32
		{51DAB46E-4EC7-401F-A5FA-B3E6BDFF3045}.Release|Win32.Build.0 = Release|Win32
		{3F21CDD5-6169-4F34-95AC-B60DFC711DE5}.Debug|Win32.ActiveCfg = Debug|Win32
		{3F21CDD5-6169-4F34-95AC-B60DFC711DE5}.Debug|Win32.Build.0  = Debug|Win32
		{3F21CDD5-6169-4F34-95AC-B60DFC711DE5}.Release|Win32.ActiveCfg = Release|Win32
		{3F21CDD5-6169-4F34-95AC-B60DFC711DE5}.Release|Win32.Build.0 = Release|Win32
		{F8EC3380-492B-4F20-AE6C-E7A31CC9F52C}.Debug|Win32.ActiveCfg = Debug|Win32
		{F8EC3380-492B-4F20-AE6C-E7A31CC9F52C}.Debug|Win32.Build.0  = Debug|Win32
		{F8EC3380-492B-4F20-AE6C-E7A31CC9F52C}.Release|Win32.ActiveCfg = Release|Win32
		{F8EC3380-492B-4F20-AE6C-E7A31CC9F52C}.Release|Win32.Build.0 = Release|Win32
		{C0D69409-21A3-43F1-A4B5-95EDFE199D6E}.Debug|Win32.ActiveCfg = Debug|Win32
		{C0D69409-21A3-43F1-A4B5-95EDFE199D6E}.Debug|Win32.Build.0  = Debug|Win32
		{C0D69409-21A3-43F1-A4B5-95EDFE199D6E}.Release|Win32.ActiveCfg = Release|Win32
		{C0D69409-21A3-43F1-A4B5-95EDFE199D6E}.Release|Win32.Build.0 = Release|Win32
		{83CF71B9-CA02-43B2-931B-792A7E18F29A}.Debug|Win32.ActiveCfg = Debug|Win32
		{83CF71B9-CA02-43B2-931B-792A7E18F29A}.Debug|Win32.Build.0  = Debug|Win32
		{83CF71B9-CA02-43B2-931B-792A7E18F29A}.Release|Win32.ActiveCfg = Release|Win32
		{83CF71B9-CA02-43B2-931B-792A7E18F29A}.Release|Win32.Build.0 = Release|Win32
		{D885C55E-FB26-473D-BBDA-82D610C7D8AF}.Debug|Win32.ActiveCfg = Debug|Win32
		{D885C55E-FB26-473D-BBDA-82D610C7D8AF}.Debug|Win32.Build.0  = Debug|Win32
		{D885C55E-FB26-473D-BBDA-82D610C7D8AF}.Release|Win32.ActiveCfg = Release|Win32
		{D885C55E-FB26-473D-BBDA-82D610C7D8AF}.Release|Win32.Build.0 = Release|Win32
		{8BDA42A1-4C73-4DBD-AD79-B85A7A699157}.Debug|Win32.ActiveCfg = Debug|Win32
		{8BDA42A1-4C73-4DBD-AD79-B85A7A699157}.Debug|Win32.Build.0  = Debug|Win32
		{8BDA42A1-4C73-4DBD-AD79-B85A7A699157}.Release|Win32.ActiveCfg = Release|Win32
		{8BDA42A1-4C73-4DBD-AD79-B85A7A699157}.Release|Win32.Build.0 = Release|Win32
		{87794EE2-F6C9-4D63-8DC8-C5E3033F66F6}.Debug|Win32.ActiveCfg = Debug|Win32
		{87794EE2-F6C9-4D63-8DC8-C5E3033F66F6}.Debug|Win32.Build.0  = Debug|Win32
		{87794EE2-F6C9-4D63-8DC8-C5E3033F66F6}.Release|Win32.ActiveCfg = Release|Win32
		{87794EE2-F6C9-4D63-8DC8-C5E3033F66F6}.Release|Win32.Build.0 = Release|Win32
		{EA418E99-D9C3-43BF-A681-59DE79505BC7}.Debug|Win32.ActiveCfg = Debug|Win32
		{EA418E99-D9C3-43BF-A681-59DE79505BC7}.Debug|Win32.Build.0  = Debug|Win32
		{EA418E99-D9C3-43BF-A681-59DE79505BC7}.Release|Win32.ActiveCfg = Release|Win32
		{EA418E99-D9C3-43BF-A681-59DE79505BC7}.Release|Win32.Build.0 = Release|Win32
		{59E9865D-ED45-4365-BD3A-8C9F18F44B91}.Debug|Win32.ActiveCfg = Debug|Win32
		{59E9865D-ED45-4365-BD3A-8C9F18F44B91}.Debug|Win32.Build.0  = Debug|Win32
		{59E9865D-ED45-4365-BD3A-8C9F18F44B91}.Release|Win32.ActiveCfg = Release|Win32
		{59E9865D-ED45-4365-BD3A-8C9F18F44B91}.Release|Win32.Build.0 = Release|Win32
		{AB1D0AA6-E57D-4F73-B479-E080833439BB}.Debug|Win32.ActiveCfg = Debug|Win32
		{AB1D0AA6-E57D-4F73-B479-E080833439BB}.Debug|Win32.Build.0  = Debug|Win32
		{AB1D0AA6-E57D-4F73-B479-E080833439BB}.Release|Win32.ActiveCfg = Release|Win32
		{AB1D0AA6-E57D-4F73-B479-E080833439BB}.Release|Win32.Build.0 = Release|Win32
		{B2FC5075-CA64-4E70-BF19-5C6F8EF9407F}.Debug|Win32.ActiveCfg = Debug|Win32
		{B2FC5075-CA64-4E70-BF19-5C6F8EF9407F}.Debug|Win32.Build.0  = Debug|Win32
		{B2FC5075-CA64-4E70-BF19-5C6F8EF9407F}.Release|Win32.ActiveCfg = Release|Win32
		{B2FC5075-CA64-4E70-BF19-5C6F8EF9407F}.Release|Win32.Build.0 = Release|Win32
		{95F69AC1-2101-434F-B031-48B346D4831E}.Debug|Win32.ActiveCfg = Debug|Win32
		{95F69AC1-2101-434F-B031-48B346D4831E}.Debug|Win32.Build.0  = Debug|Win32
		{95F69AC1-2101-434F-B031-48B346D4831E}.Release|Win32.ActiveCfg = Release|Win32
		{95F69AC1-2101-434F-B031-48B346D4831E}.Release|Win32.Build.0 = Release|Win32
		{5C5F9D49-1CBE-42D5-898D-0816890BB6BF}.Debug|Win32.ActiveCfg = Debug|Win32
		{5C5F9D49-1CBE-42D5-898D-0816890BB6BF}.Debug|Win32.Build.0  = Debug|Win32
		{5C5F9D49-1CBE-42D5-898D-0816890BB6BF}.Release|Win32.ActiveCfg = Release|Win32
		{5C5F9D49-1CBE-42D5-898D-0816890BB6BF}.Release|Win32.Build.0 = Release|Win32
		{A30669D7-C225-49D6-ABDB-86C2057E014D}.Debug|Win32.ActiveCfg = Debug|Win32
		{A30669D7-C225-49D6-ABDB-86C2057E014D}.Debug|Win32.Build.0  = Debug|Win32
		{A30669D7-C225-49D6-ABDB-86C2057E014D}.Release|Win32.ActiveCfg = Release|Win32
		{A30669D7-C225-49D6-ABDB-86C2057E014D}.Release|Win32.Build.0 = Release|Win32
		{6FF85D1B-B0C4-4F41-9375-6BFC090349BB}.Debug|Win32.ActiveCfg = Debug|Win32
		{6FF85D1B-B0C4-4F41-9375-6BFC090349BB}.Debug|Win32.Build.0  = Debug|Win32
		{6FF85D1B-B0C4-4F41-9375-6BFC090349BB}.Release|Win32.ActiveCfg = Release|Win32
		{6FF85D1B-B0C4-4F41-9375-6BFC090349BB}.Release|Win32.Build.0 = Release|Win32
		{4B2B82DE-DA0F-4CF0-A777-D81AF364B995}.Debug|Win32.ActiveCfg = Debug|Win32
		{4B2B82DE-DA0F-4CF0-A777-D81AF364B995}.Debug|Win32.Build.0  = Debug|Win32
		{4B2B82DE-DA0F-4CF0-A777-D81AF364B995}.Release|Win32.ActiveCfg = Release|Win32
		{4B2B82DE-DA0F-4CF0-A777-D81AF364B995}.Release|Win32.Build.0 = Release|Win32
		{6408DC8F-3AD4-4745-A31B-E9C2AAF1DC70}.Debug|Win32.ActiveCfg = Debug|Win32
		{6408DC8F-3AD4-4745-A31B-E9C2AAF1DC70}.Debug|Win32.Build.0  = Debug|Win32
		{6408DC8F-3AD4-4745-A31B-E9C2AAF1DC70}.Release|Win32.ActiveCfg = Release|Win32
		{6408DC8F-3AD4-4745-A31B-E9C2AAF1DC70}.Release|Win32.Build.0 = Release|Win32
		{DB0C20C4-9726-4A61-AA9A-FD37E0C40665}.Debug|Win32.ActiveCfg = Debug|Win32
		{DB0C20C4-9726-4A61-AA9A-FD37E0C40665}.Debug|Win32.Build.0  = Debug|Win32
		{DB0C20C4-9726-4A61-AA9A-FD37E0C40665}.Release|Win32.ActiveCfg = Release|Win32
		{DB0C20C4-9726-4A61-AA9A-FD37E0C40665}.Release|Win32.Build.0 = Release|Win32
		{BB509FDA-7AF4-460B-94F3-C81AC2B4A3DD}.Debug|Win32.ActiveCfg = Debug|Win32
		{BB509FDA-7AF4-460B-94F3-C81AC2B4A3DD}.Debug|Win32.Build.0  = Debug|Win32
		{BB509FDA-7AF4-460B-94F3-C81AC2B4A3DD}.Release|Win32.ActiveCfg = Release|Win32
		{BB509FDA-7AF4-460B-94F3-C81AC2B4A3DD}.Release|Win32.Build.0 = Release|Win32
		{0A980293-5E54-4623-83AC-675DBB2D5844}.Debug|Win32.ActiveCfg = Debug|Win32
		{0A980293-5E54-4623-83AC-675DBB2D5844}.Debug|Win32.Build.0  = Debug|Win32
		{0A980293-5E54-4623-83AC-675DBB2D5844}.Release|Win32.ActiveCfg = Release|Win32
		{0A980293-5E54-4623-83AC-675DBB2D5844}.Release|Win32.Build.0 = Release|Win32
		{7C95F692-FB8B-4388-B78A-638209BB1ECF}.Debug|Win32.ActiveCfg = Debug|Win32
		{7C95F692-FB8B-4388-B78A-638209BB1ECF}.Debug|Win32.Build.0  = Debug|Win32
		{7C95F692-FB8B-4388-B78A-638209BB1ECF}.Release|Win32.ActiveCfg = Release|Win32
		{7C95F692-FB8B-4388-B78A-638209BB1ECF}.Release|Win32.Build.0 = Release|Win32
		{A5E0DFC1-C7A2-4808-90A8-76CAB4E37479}.Debug|Win32.ActiveCfg = Debug|Win32
		{A5E0DFC1-C7A2-4808-90A8-76CAB4E37479}.Debug|Win32.Build.0  = Debug|Win32
		{A5E0DFC1-C7A2-4808-90A8-76CAB4E37479}.Release|Win32.ActiveCfg = Release|Win32
		{A5E0DFC1-C7A2-4808-90A8-76CAB4E37479}.Release|Win32.Build.0 = Release|Win32
		{E5D4E52A-32B8-4D6C-BE9F-E4B0ABCD63E9}.Debug|Win32.ActiveCfg = Debug|Win32
		{E5D4E52A-32B8-4D6C-BE9F-E4B0ABCD63E9}.Debug|Win32.Build.0  = Debug|Win32
		{E5D4E52A-32B8-4D6C-BE9F-E4B0ABCD63E9}.Release|Win32.ActiveCfg = Release|Win32
		{E5D4E52A-32B8-4D6C-BE9F-E4B0ABCD63E9}.Release|Win32.Build.0 = Release|Win32
		{735AC264-28E2-4CE9-A5AB-55D1A9FFA7E3}.Debug|Win32.ActiveCfg = Debug|Win32
		{735AC264-28E2-4CE9-A5AB-55D1A9FFA7E3}.Debug|Win32.Build.0  = Debug|Win32
		{735AC264-28E2-4CE9-A5AB-55D1A9FFA7E3}.Release|Win32.ActiveCfg = Release|Win32
		{735AC264-28E2-4CE9-A5AB-55D1A9FFA7E3}.Release|Win32.Build.0 = Release|Win32
		{4942A7F7-A4E2-484A-A10E-0E99A04A9560}.Debug|Win32.ActiveCfg = Debug|Win32
		{4942A7F7-A4E2-484A-A10E-0E99A04A9560}.Debug|Win32.Build.0  = Debug|Win32
		{4942A7F7-A4E2-484A-A10E-0E99A04A9560}.Release|Win32.ActiveCfg = Release|Win32
		{4942A7F7-A4E2-484A-A10E-0E99A04A9560}.Release|Win32.Build.0 = Release|Win32
		{06CFE68E-5D5A-4EB9-B4EF-B7D08A581143}.Debug|Win32.ActiveCfg = Debug|Win32
		{06CFE68E-5D5A-4EB9-B4EF-B7D08A581143}.Debug|Win32.Build.0  = Debug|Win32
		{06CFE68E-5D5A-4EB9-B4EF-B7D08A581143}.Release|Win32.ActiveCfg = Release|Win32
		{06CFE68E-5D5A-4EB9-B4EF-B7D08A581143}.Release|Win32.Build.0 = Release|Win32
		{F176503F-50FB-4696-A154-522E0B495319}.Debug|Win32.ActiveCfg = Debug|Win32
		{F176503F-50FB-4696-A154-522E0B495319}.Debug|Win32.Build.0  = Debug|Win32
		{F176503F-50FB-4696-A154-522E0B495319}.Release|Win32.ActiveCfg = Release|Win32
		{F176503F-50FB-4696-A154-522E0B495319}.Release|Win32.Build.0 = Release|Win32
		{44433B53-C39C-4116-9789-08C6FAE39575}.Debug|Win32.ActiveCfg = Debug|Win32
		{44433B53-C39C-4116-9789-08C6FAE39575}.Debug|Win32.Build.0  = Debug|Win32
		{44433B53-C39C-4116-9789-08C6FAE39575}.Release|Win32.ActiveCfg = Release|Win32
		{44433B53-C39C-4116-9789-08C6FAE39575}.Release|Win32.Build.0 = Release|Win32
		{A12C04EE-0A5C-4E6F-9B73-9D4266A24C27}.Debug|Win32.ActiveCfg = Debug|Win32
		{A12C04EE-0A5C-4E6F-9B73-9D4266A24C27}.Debug|Win32.Build.0  = Debug|Win32
		{A12C04EE-0A5C-4E6F-9B73-9D4266A24C27}.Release|Win32.ActiveCfg = Release|Win32
		{A12C04EE-0A5C-4E6F-9B73-9D4266A24C27}.Release|Win32.Build.0 = Release|Win32
		{E206C55B-B27F-4C4A-A323-878BDADEF3DB}.Debug|Win32.ActiveCfg = Debug|Win32
		{E206C55B-B27F-4C4A-A323-878BDADEF3DB}.Debug|Win32.Build.0  = Debug|Win32
		{E206C55B-B27F-4C4A-A323-878BDADEF3DB}.Release|Win32.ActiveCfg = Release|Win32
		{E206C55B-B27F-4C4A-A323-878BDADEF3DB}.Release|Win32.Build.0 = Release|Win32
		{0AC3C829-A90A-4ABB-A96A-4E28C672E5EE}.Debug|Win32.ActiveCfg = Debug|Win32
		{0AC3C829-A90A-4ABB-A96A-4E28C672E5EE}.Debug|Win32.Build.0  = Debug|Win32
		{0AC3C829-A90A-4ABB-A96A-4E28C672E5EE}.Release|Win32.ActiveCfg = Release|Win32
		{0AC3C829-A90A-4ABB-A96A-4E28C672E5EE}.Release|Win32.Build.0 = Release|Win32
		{8971B2C6-36B9-421A-BC54-80C7282A5893}.Debug|Win32.ActiveCfg = Debug|Win32
		{8971B2C6-36B9-421A-BC54-80C7282A5893}.Debug|Win32.Build.0  = Debug|Win32
		{8971B2C6-36B9-421A-BC54-80C7282A5893}.Release|Win32.ActiveCfg = Release|Win32
		{8971B2C6-36B9-421A-BC54-80C7282A5893}.Release|Win32.Build.0 = Release|Win32
		{4284AB30-D4E0-4A73-B511-1C2DD6E5AB22}.Debug|Win32.ActiveCfg = Debug|Win32
		{4284AB30-D4E0-4A73-B511-1C2DD6E5AB22}.Debug|Win32.Build.0  = Debug|Win32
		{4284AB30-D4E0-4A73-B511-1C2DD6E5AB22}.Release|Win32.ActiveCfg = Release|Win32
		{4284AB30-D4E0-4A73-B511-1C2DD6E5AB22}.Release|Win32.Build.0 = Release|Win32
		{AF9F3607-9C2A-4BD0-9F1B-EE9ECDD7B200}.Debug|Win32.ActiveCfg = Debug|Win32
		{AF9F3607-9C2A-4BD0-9F1B-EE9ECDD7B200}.Debug|Win32.Build.0  = Debug|Win32
		{AF9F3607-9C2A-4BD0-9F1B-EE9ECDD7B200}.Release|Win32.ActiveCfg = Release|Win32
		{AF9F3607-9C2A-4BD0-9F1B-EE9ECDD7B200}.Release|Win32.Build.0 = Release|Win32
		{1EDA7F40-2F04-4D1D-A298-0D2F98341EFE}.Debug|Win32.ActiveCfg = Debug|Win32
		{1EDA7F40-2F04-4D1D-A298-0D2F98341EFE}.Debug|Win32.Build.0  = Debug|Win32
		{1EDA7F40-2F04-4D1D-A298-0D2F98341EFE}.Release|Win32.ActiveCfg = Release|Win32
		{1EDA7F40-2F04-4D1D-A298-0D2F98341EFE}.Release|Win32.Build.0 = Release|Win32
		{2AFB7845-4258-4FE9-8023-762DBFDED812}.Debug|Win32.ActiveCfg = Debug|Win32
		{2AFB7845-4258-4FE9-8023-762DBFDED812}.Debug|Win32.Build.0  = Debug|Win32
		{2AFB7845-4258-4FE9-8023-762DBFDED812}.Release|Win32.ActiveCfg = Release|Win32
		{2AFB7845-4258-4FE9-8023-762DBFDED812}.Release|Win32.Build.0 = Release|Win32
		{8914A578-69AC-4B33-91C8-13D831219170}.Debug|Win32.ActiveCfg = Debug|Win32
		{8914A578-69AC-4B33-91C8-13D831219170}.Debug|Win32.Build.0  = Debug|Win32
		{8914A578-69AC-4B33-91C8-13D831219170}.Release|Win32.ActiveCfg = Release|Win32
		{8914A578-69AC-4B33-91C8-13D831219170}.Release|Win32.Build.0 = Release|Win32
		{5A965013-0E13-4FE2-B916-C753813603BE}.Debug|Win32.ActiveCfg = Debug|Win32
		{5A965013-0E13-4FE2-B916-C753813603BE}.Debug|Win32.Build.0  = Debug|Win32
		{5A965013-0E13-4FE2-B916-C753813603BE}.Release|Win32.ActiveCfg = Release|Win32
		{5A965013-0E13-4FE2-B916-C753813603BE}.Release|Win32.Build.0 = Release|Win32
		{2B94C1C2-A5EE-4475-B768-A0F8DECC53CD}.Debug|Win32.ActiveCfg = Debug|Win32
		{2B94C1C2-A5EE-4475-B768-A0F8DECC53CD}.Debug|Win32.Build.0  = Debug|Win32
		{2B94C1C2-A5EE-4475-B768-A0F8DECC53CD}.Release|Win32.ActiveCfg = Release|Win32
		{2B94C1C2-A5EE-4475-B768-A0F8DECC53CD}.Release|Win32.Build.0 = Release|Win32
		{BE689102-A2B6-4548-96D6-981334FAA777}.Debug|Win32.ActiveCfg = Debug|Win32
		{BE689102-A2B6-4548-96D6-981334FAA777}.Debug|Win32.Build.0  = Debug|Win32
		{BE689102-A2B6-4548-96D6-981334FAA777}.Release|Win32.ActiveCfg = Release|Win32
		{BE689102-A2B6-4548-96D6-981334FAA777}.Release|Win32.Build.0 = Release|Win32
		{D25FCDDD-915C-41E5-AD0F-93A08A86D41C}.Debug|Win32.ActiveCfg = Debug|Win32
		{D25FCDDD-915C-41E5-AD0F-93A08A86D41C}.Debug|Win32.Build.0  = Debug|Win32
		{D25FCDDD-915C-41E5-AD0F-93A08A86D41C}.Release|Win32.ActiveCfg = Release|Win32
		{D25FCDDD-915C-41E5-AD0F-93A08A86D41C}.Release|Win32.Build.0 = Release|Win32
		{BAEE03AE-EBA9-4BF5-A1D9-A54E59890147}.Debug|Win32.ActiveCfg = Debug|Win32
		{BAEE03AE-EBA9-4BF5-A1D9-A54E59890147}.Debug|Win32.Build.0  = Debug|Win32
		{BAEE03AE-EBA9-4BF5-A1D9-A54E59890147}.Release|Win32.ActiveCfg = Release|Win32
		{BAEE03AE-EBA9-4BF5-A1D9-A54E59890147}.Release|Win32.Build.0 = Release|Win32
		{0694A0CC-4F64-4B3E-A186-FE28BAFBB966}.Debug|Win32.ActiveCfg = Debug|Win32
		{0694A0CC-4F64-4B3E-A186-FE28BAFBB966}.Debug|Win32.Build.0  = Debug|Win32
		{0694A0CC-4F64-4B3E-A186-FE28BAFBB966}.Release|Win32.ActiveCfg = Release|Win32
		{0694A0CC-4F64-4B3E-A186-FE28BAFBB966}.Release|Win32.Build.0 = Release|Win32
		{0EC07B99-80A5-4F29-91B0-53F012B622FD}.Debug|Win32.ActiveCfg = Debug|Win32
		{0EC07B99-80A5-4F29-91B0-53F012B622FD}.Debug|Win32.Build.0  = Debug|Win32
		{0EC07B99-80A5-4F29-91B0-53F012B622FD}.Release|Win32.ActiveCfg = Release|Win32
		{0EC07B99-80A5-4F29-91B0-53F012B622FD}.Release|Win32.Build.0 = Release|Win32
		{374C92FC-4E89-414D-B26D-6D0F001EAE7A}.Debug|Win32.ActiveCfg = Debug|Win32
		{374C92FC-4E89-414D-B26D-6D0F001EAE7A}.Debug|Win32.Build.0  = Debug|Win32
		{374C92FC-4E89-414D-B26D-6D0F001EAE7A}.Release|Win32.ActiveCfg = Release|Win32
		{374C92FC-4E89-414D-B26D-6D0F001EAE7A}.Release|Win32.Build.0 = Release|Win32
		{A620358E-97E4-4618-BA02-30025023D326}.Debug|Win32.ActiveCfg = Debug|Win32
		{A620358E-97E4-4618-BA02-30025023D326}.Debug|Win32.Build.0  = Debug|Win32
		{A620358E-97E4-4618-BA02-30025023D326}.Release|Win32.ActiveCfg = Release|Win32
		{A620358E-97E4-4618-BA02-30025023D326}.Release|Win32.Build.0 = Release|Win32
		{CDD40A82-F177-47E0-A132-9F60CA2AD6CF}.Debug|Win32.ActiveCfg = Debug|Win32
		{CDD40A82-F177-47E0-A132-9F60CA2AD6CF}.Debug|Win32.Build.0  = Debug|Win32
		{CDD40A82-F177-47E0-A132-9F60CA2AD6CF}.Release|Win32.ActiveCfg = Release|Win32
		{CDD40A82-F177-47E0-A132-9F60CA2AD6CF}.Release|Win32.Build.0 = Release|Win32
		{1FD36ED4-EC81-4D13-9F94-3D7CD7485301}.Debug|Win32.ActiveCfg = Debug|Win32
		{1FD36ED4-EC81-4D13-9F94-3D7CD7485301}.Debug|Win32.Build.0  = Debug|Win32
		{1FD36ED4-EC81-4D13-9F94-3D7CD7485301}.Release|Win32.ActiveCfg = Release|Win32
		{1FD36ED4-EC81-4D13-9F94-3D7CD7485301}.Release|Win32.Build.0 = Release|Win32
		{6E1B2B5D-CBD4-4BFF-B1FD-5FB6885F9F01}.Debug|Win32.ActiveCfg = Debug|Win32
		{6E1B2B5D-CBD4-4BFF-B1FD-5FB6885F9F01}.Debug|Win32.Build.0  = Debug|Win32
		{6E1B2B5D-CBD4-4BFF-B1FD-5FB6885F9F01}.Release|Win32.ActiveCfg = Release|Win32
		{6E1B2B5D-CBD4-4BFF-B1FD-5FB6885F9F01}.Release|Win32.Build.0 = Release|Win32
		{A7204692-909B-426C-B060-F44A46F8C58C}.Debug|Win32.ActiveCfg = Debug|Win32
		{A7204692-909B-426C-B060-F44A46F8C58C}.Debug|Win32.Build.0  = Debug|Win32
		{A7204692-909B-426C-B060-F44A46F8C58C}.Release|Win32.ActiveCfg = Release|Win32
		{A7204692-909B-426C-B060-F44A46F8C58C}.Release|Win32.Build.0 = Release|Win32
		{CC133DE2-9EFB-4F41-B616-5FD833239B79}.Debug|Win32.ActiveCfg = Debug|Win32
		{CC133DE2-9EFB-4F41-B616-5FD833239B79}.Debug|Win32.Build.0  = Debug|Win32
		{CC133DE2-9EFB-4F41-B616-5FD833239B79}.Release|Win32.ActiveCfg = Release|Win32
		{CC133DE2-9EFB-4F41-B616-5FD833239B79}.Release|Win32.Build.0 = Release|Win32
		{D42EE980-5608-4D56-8258-667D0642C6F5}.Debug|Win32.ActiveCfg = Debug|Win32
		{D42EE980-5608-4D56-8258-667D0642C6F5}.Debug|Win32.Build.0  = Debug|Win32
		{D42EE980-5608-4D56-8258-667D0642C6F5}.Release|Win32.ActiveCfg = Release|Win32
		{D42EE980-5608-4D56-8258-667D0642C6F5}.Release|Win32.Build.0 = Release|Win32
		{9A2D92B8-2E94-44F4-A9BE-00B9EF6D7D2F}.Debug|Win32.ActiveCfg = Debug|Win32
		{9A2D92B8-2E94-44F4-A9BE-00B9EF6D7D2F}.Debug|Win32.Build.0  = Debug|Win32
		{9A2D92B8-2E94-44F4-A9BE-00B9EF6D7D2F}.Release|Win32.ActiveCfg = Release|Win32
		{9A2D92B8-2E94-44F4-A9BE-00B9EF6D7D2F}.Release|Win32.Build.0 = Release|Win32
		{F5803572-6F5F-4D56-93D1-51999598BD93}.Debug|Win32.ActiveCfg = Debug|Win32
		{F5803572-6F5F-4D56-93D1-51999598BD93}.Debug|Win32.Build.0  = Debug|Win32
		{F5803572-6F5F-4D56-93D1-51999598BD93}.Release|Win32.ActiveCfg = Release|Win32
		{F5803572-6F5F-4D56-93D1-51999598BD93}.Release|Win32.Build.0 = Release|Win32
		{63D44F41-0657-4CD8-BA10-503CF364FF8B}.Debug|Win32.ActiveCfg = Debug|Win32
		{63D44F41-0657-4CD8-BA10-503CF364FF8B}.Debug|Win32.Build.0  = Debug|Win32
		{63D44F41-0657-4CD8-BA10-503CF364FF8B}.Release|Win32.ActiveCfg = Release|Win32
		{63D44F41-0657-4CD8-BA10-503CF364FF8B}.Release|Win32.Build.0 = Release|Win32
		{EC9C5C04-FC49-4A29-BD5B-2F418E833988}.Debug|Win32.ActiveCfg = Debug|Win32
		{EC9C5C04-FC49-4A29-BD5B-2F418E833988}.Debug|Win32.Build.0  = Debug|Win32
		{EC9C5C04-FC49-4A29-BD5B-2F418E833988}.Release|Win32.ActiveCfg = Release|Win32
		{EC9C5C04-FC49-4A29-BD5B-2F418E833988}.Release|Win32.Build.0 = Release|Win32
		{8DF25F3F-395F-45BF-B4AC-B7F27463D64C}.Debug|Win32.ActiveCfg = Debug|Win32
		{8DF25F3F-395F-45BF-B4AC-B7F27463D64C}.Debug|Win32.Build.0  = Debug|Win32
		{8DF25F3F-395F-45BF-B4AC-B7F27463D64C}.Release|Win32.ActiveCfg = Release|Win32
		{8DF25F3F-395F-45BF-B4AC-B7F27463D64C}.Release|Win32.Build.0 = Release|Win32
		{A0B51739-E797-4006-BCAD-E5F9675FAD55}.Debug|Win32.ActiveCfg = Debug|Win32
		{A0B51739-E797-4006-BCAD-E5F9675FAD55}.Debug|Win32.Build.0  = Debug|Win32
		{A0B51739-E797-4006-BCAD-E5F9675FAD55}.Release|Win32.ActiveCfg = Release|Win32
		{A0B51739-E797-4006-BCAD-E5F9675FAD55}.Release|Win32.Build.0 = Release|Win32
		{C2497D2D-5C8A-4226-8F57-BE97B06E311E}.Debug|Win32.ActiveCfg = Debug|Win32
		{C2497D2D-5C8A-4226-8F57-BE97B06E311E}.Debug|Win32.Build.0  = Debug|Win32
		{C2497D2D-5C8A-4226-8F57-BE97B06E311E}.Release|Win32.ActiveCfg = Release|Win32
		{C2497D2D-5C8A-4226-8F57-BE97B06E311E}.Release|Win32.Build.0 = Release|Win32
		{074498B5-64CB-4AC6-920B-42E0B2CBFFC3}.Debug|Win32.ActiveCfg = Debug|Win32
		{074498B5-64CB-4AC6-920B-42E0B2CBFFC3}.Debug|Win32.Build.0  = Debug|Win32
		{074498B5-64CB-4AC6-920B-42E0B2CBFFC3}.Release|Win32.ActiveCfg = Release|Win32
		{074498B5-64CB-4AC6-920B-42E0B2CBFFC3}.Release|Win32.Build.0 = Release|Win32
		{79233EA1-A882-460C-9652-308674302041}.Debug|Win32.ActiveCfg = Debug|Win32
		{79233EA1-A882-460C-9652-308674302041}.Debug|Win32.Build.0  = Debug|Win32
		{79233EA1-A882-460C-9652-308674302041}.Release|Win32.ActiveCfg = Release|Win32
		{79233EA1-A882-460C-9652-308674302041}.Release|Win32.Build.0 = Release|Win32
		{F1FBFE29-0B37-484D-AC5A-DE8AA3C0F97C}.Debug|Win32.ActiveCfg = Debug|Win32
		{F1FBFE29-0B37-484D-AC5A-DE8AA3C0F97C}.Debug|Win32.Build.0  = Debug|Win32
		{F1FBFE29-0B37-484D-AC5A-DE8AA3C0F97C}.Release|Win32.ActiveCfg = Release|Win32
		{F1FBFE29-0B37-484D-AC5A-DE8AA3C0F97C}.Release|Win32.Build.0 = Release|Win32
		{7002FD8F-C2BD-456A-A1F0-DA569949067F}.Debug|Win32.ActiveCfg = Debug|Win32
		{7002FD8F-C2BD-456A-A1F0-DA569949067F}.Debug|Win32.Build.0  = Debug|Win32
		{7002FD8F-C2BD-456A-A1F0-DA569949067F}.Release|Win32.ActiveCfg = Release|Win32
		{7002FD8F-C2BD-456A-A1F0-DA569949067F}.Release|Win32.Build.0 = Release|Win32
		{960FBDCD-D10B-4429-A93F-4EE5DDE27FF9}.Debug|Win32.ActiveCfg = Debug|Win32
		{960FBDCD-D10B-4429-A93F-4EE5DDE27FF9}.Debug|Win32.Build.0  = Debug|Win32
		{960FBDCD-D10B-4429-A93F-4EE5DDE27FF9}.Release|Win32.ActiveCfg = Release|Win32
		{960FBDCD-D10B-4429-A93F-4EE5DDE27FF9}.Release|Win32.Build.0 = Release|Win32
		{52D4DE92-65C1-41B0-86E5-2C1DD2D5A8B9}.Debug|Win32.ActiveCfg = Debug|Win32
		{52D4DE92-65C1-41B0-86E5-2C1DD2D5A8B9}.Debug|Win32.Build.0  = Debug|Win32
		{52D4DE92-65C1-41B0-86E5-2C1DD2D5A8B9}.Release|Win32.ActiveCfg = Release|Win32
		{52D4DE92-65C1-41B0-86E5-2C1DD2D5A8B9}.Release|Win32.Build.0 = Release|Win32
		{9D4E88B5-1E19-44F0-948F-E9876523F735}.Debug|Win32.ActiveCfg = Debug|Win32
		{9D4E88B5-1E19-44F0-948F-E9876523F735}.Debug|Win32.Build.0  = Debug|Win32
		{9D4E88B5-1E19-44F0-948F-E9876523F735}.Release|Win32.ActiveCfg = Release|Win32
		{9D4E88B5-1E19-44F0-948F-E9876523F735}.Release|Win32.Build.0 = Release|Win32
		{4CA996F1-0B95-4763-8A9C-4C0E0F502617}.Debug|Win32.ActiveCfg = Debug|Win32
		{4CA996F1-0B95-4763-8A9C-4C0E0F502617}.Debug|Win32.Build.0  = Debug|Win32
		{4CA996F1-0B95-4763-8A9C-4C0E0F502617}.Release|Win32.ActiveCfg = Release|Win32
		{4CA996F1-0B95-4763-8A9C-4C0E0F502617}.Release|Win32.Build.0 = Release|Win32
		{EAC53B42-01C4-4ED8-AEA1-E61C8154A4AF}.Debug|Win32.ActiveCfg = Debug|Win32
		{EAC53B42-01C4-4ED8-AEA1-E61C8154A4AF}.Debug|Win32.Build.0  = Debug|Win32
		{EAC53B42-01C4-4ED8-AEA1-E61C8154A4AF}.Release|Win32.ActiveCfg = Release|Win32
		{EAC53B42-01C4-4ED8-AEA1-E61C8154A4AF}.Release|Win32.Build.0 = Release|Win32
		{683DC69F-A392-4AB3-96D7-BAF6A8D81460}.Debug|Win32.ActiveCfg = Debug|Win32
		{683DC69F-A392-4AB3-96D7-BAF6A8D81460}.Debug|Win32.Build.0  = Debug|Win32
		{683DC69F-A392-4AB3-96D7-BAF6A8D81460}.Release|Win32.ActiveCfg = Release|Win32
		{683DC69F-A392-4AB3-96D7-BAF6A8D81460}.Release|Win32.Build.0 = Release|Win32
		{789DCCAF-89BD-423F-8CCC-9BDBE7303E3E}.Debug|Win32.ActiveCfg = Debug|Win32
		{789DCCAF-89BD-423F-8CCC-9BDBE7303E3E}.Debug|Win32.Build.0  = Debug|Win32
		{789DCCAF-89BD-423F-8CCC-9BDBE7303E3E}.Release|Win32.ActiveCfg = Release|Win32
		{789DCCAF-89BD-423F-8CCC-9BDBE7303E3E}.Release|Win32.Build.0 = Release|Win32
		{8EE6FB6B-7509-4F31-8370-75C541AA3FAA}.Debug|Win32.ActiveCfg = Debug|Win32
		{8EE6FB6B-7509-4F31-8370-75C541AA3FAA}.Debug|Win32.Build.0  = Debug|Win32
		{8EE6FB6B-7509-4F31-8370-75C541AA3FAA}.Release|Win32.ActiveCfg = Release|Win32
		{8EE6FB6B-7509-4F31-8370-75C541AA3FAA}.Release|Win32.Build.0 = Release|Win32
		{967DB08B-7552-45F4-90C8-76BBF7486806}.Debug|Win32.ActiveCfg = Debug|Win32
		{967DB08B-7552-45F4-90C8-76BBF7486806}.Debug|Win32.Build.0  = Debug|Win32
		{967DB08B-7552-45F4-90C8-76BBF7486806}.Release|Win32.ActiveCfg = Release|Win32
		{967DB08B-7552-45F4-90C8-76BBF7486806}.Release|Win32.Build.0 = Release|Win32
	EndGlobalSection
	GlobalSection(SolutionProperties) = preSolution
		HideSolutionNode = FALSE
	EndGlobalSection
	GlobalSection(NestedProjects) = preSolution
		{0166AF96-D026-4028-8CA2-7DC3B7F3A408} = {B7155CA7-CE6D-4E3D-B26B-A0D356E13348}
		{2CA09976-F14E-4328-813F-ED11A77CB586} = {B7155CA7-CE6D-4E3D-B26B-A0D356E13348}
		{188292AF-098A-4D4B-BCC7-EECDA27C3C85} = {B7155CA7-CE6D-4E3D-B26B-A0D356E13348}
		{90AEF4DC-DFFF-4F4F-8C1A-461BA258B13B} = {B7155CA7-CE6D-4E3D-B26B-A0D356E13348}
		{99136577-AC17-4B59-BE7A-82F9231DE1B3} = {B7155CA7-CE6D-4E3D-B26B-A0D356E13348}
		{BC4DDA11-DF71-4F71-92EE-DB47DC958605} = {B7155CA7-CE6D-4E3D-B26B-A0D356E13348}
		{0BB28328-3569-41F3-AEC8-616C596C0057} = {B7155CA7-CE6D-4E3D-B26B-A0D356E13348}
		{0A51100E-A2E0-4D88-A008-9555401CFA97} = {B7155CA7-CE6D-4E3D-B26B-A0D356E13348}
		{4EB0F6BC-219C-4F36-87D9-505DB14193A2} = {B7155CA7-CE6D-4E3D-B26B-A0D356E13348}
		{8DF26B71-D8DF-4ECF-9A92-371966B319E4} = {B7155CA7-CE6D-4E3D-B26B-A0D356E13348}
		{01379CF2-A2EB-45B3-8202-A8DD34F8BDDC} = {B7155CA7-CE6D-4E3D-B26B-A0D356E13348}
		{E9A8E042-F5DF-4D87-832B-CCBCAFAA1596} = {B7155CA7-CE6D-4E3D-B26B-A0D356E13348}
		{E06AD5BF-2903-407F-96A0-D53C318FCEE1} = {B7155CA7-CE6D-4E3D-B26B-A0D356E13348}
		{32BDC21C-8DAF-403A-94DF-75BDADC9BD29} = {B7155CA7-CE6D-4E3D-B26B-A0D356E13348}
		{20280DAB-C46C-40D5-A979-3B14DD43AA29} = {B7155CA7-CE6D-4E3D-B26B-A0D356E13348}
		{E6EC1B86-A0C7-4222-A378-5A450E23B3B1} = {B7155CA7-CE6D-4E3D-B26B-A0D356E13348}
		{FD3638DD-83B8-46CE-A158-D3D8CDDD2838} = {B7155CA7-CE6D-4E3D-B26B-A0D356E13348}
		{0EC290DC-1DC1-4738-95C7-C4D42BCCBB73} = {B7155CA7-CE6D-4E3D-B26B-A0D356E13348}
		{F8A99BA9-EF97-4D34-AF3D-F6B7483843A9} = {B7155CA7-CE6D-4E3D-B26B-A0D356E13348}
		{796AB63F-4FA7-4A2E-863E-8D8DED4B5A2F} = {B7155CA7-CE6D-4E3D-B26B-A0D356E13348}
		{EEE42AD2-2F79-48F3-B2C7-8964C75AB78A} = {B7155CA7-CE6D-4E3D-B26B-A0D356E13348}
		{7D119779-618A-4FE6-BEDA-F36C576DB083} = {B7155CA7-CE6D-4E3D-B26B-A0D356E13348}
		{9A09EB80-D444-4D10-AA6F-71C3F013881A} = {3EF54B1D-35E7-4CC6-931B-579D5DF37F94}
		{C72FE997-0B83-475C-A44C-6DAC3E2E8A6D} = {3EF54B1D-35E7-4CC6-931B-579D5DF37F94}
		{AEDA170B-1E51-4345-B742-223E90510FDA} = {3EF54B1D-35E7-4CC6-931B-579D5DF37F94}
		{E1435C7E-D906-4899-982E-9D238083A24B} = {3EF54B1D-35E7-4CC6-931B-579D5DF37F94}
		{7576588C-31B3-4E62-BC5D-0A4E5230D9F1} = {3EF54B1D-35E7-4CC6-931B-579D5DF37F94}
		{03DB626E-571A-4471-B116-86E64CE053B8} = {3EF54B1D-35E7-4CC6-931B-579D5DF37F94}
		{86413DB0-9FA5-4225-AEF6-9E5872A53CC2} = {3EF54B1D-35E7-4CC6-931B-579D5DF37F94}
		{61E5C1EC-E2E3-442A-BBA3-416164CCE275} = {3EF54B1D-35E7-4CC6-931B-579D5DF37F94}
		{955FECA2-8276-4AD5-9C29-59092093522B} = {3EF54B1D-35E7-4CC6-931B-579D5DF37F94}
		{A6F1C37F-D6EF-48AA-908B-422740D75E3E} = {3EF54B1D-35E7-4CC6-931B-579D5DF37F94}
		{A181415E-A9D3-4300-8901-C733019D2437} = {3EF54B1D-35E7-4CC6-931B-579D5DF37F94}
		{61B15011-32EE-47E6-BD16-B9AA84E21062} = {3EF54B1D-35E7-4CC6-931B-579D5DF37F94}
		{75F70CB6-CFE4-4848-B130-6649BEB3D816} = {3EF54B1D-35E7-4CC6-931B-579D5DF37F94}
		{12F7F83D-CE0E-45EF-822A-5F5E907C736E} = {3EF54B1D-35E7-4CC6-931B-579D5DF37F94}
		{2902BF31-78EF-4E28-A941-C1C331C34B95} = {3EF54B1D-35E7-4CC6-931B-579D5DF37F94}
		{8E153EC6-048A-447C-ABDB-C48AD6DFD623} = {3EF54B1D-35E7-4CC6-931B-579D5DF37F94}
		{4597DFDA-7497-4D12-A70E-FAEC33AF4559} = {3EF54B1D-35E7-4CC6-931B-579D5DF37F94}
		{EED9BCF1-14E0-4E7D-8864-1E6F53E40587} = {3EF54B1D-35E7-4CC6-931B-579D5DF37F94}
		{F20B3BD7-1217-45E5-8844-D1AB17BC43F0} = {3EF54B1D-35E7-4CC6-931B-579D5DF37F94}
		{AED5F45C-6E7C-4868-94FD-1C6400742E7A} = {3EF54B1D-35E7-4CC6-931B-579D5DF37F94}
		{19D4999D-EED0-4D12-8290-AC9EBDA86C77} = {3EF54B1D-35E7-4CC6-931B-579D5DF37F94}
		{51DAB46E-4EC7-401F-A5FA-B3E6BDFF3045} = {3EF54B1D-35E7-4CC6-931B-579D5DF37F94}
		{3F21CDD5-6169-4F34-95AC-B60DFC711DE5} = {3EF54B1D-35E7-4CC6-931B-579D5DF37F94}
		{F8EC3380-492B-4F20-AE6C-E7A31CC9F52C} = {3EF54B1D-35E7-4CC6-931B-579D5DF37F94}
		{C0D69409-21A3-43F1-A4B5-95EDFE199D6E} = {3EF54B1D-35E7-4CC6-931B-579D5DF37F94}
		{83CF71B9-CA02-43B2-931B-792A7E18F29A} = {3EF54B1D-35E7-4CC6-931B-579D5DF37F94}
		{D885C55E-FB26-473D-BBDA-82D610C7D8AF} = {3EF54B1D-35E7-4CC6-931B-579D5DF37F94}
		{8BDA42A1-4C73-4DBD-AD79-B85A7A699157} = {3EF54B1D-35E7-4CC6-931B-579D5DF37F94}
		{87794EE2-F6C9-4D63-8DC8-C5E3033F66F6} = {3EF54B1D-35E7-4CC6-931B-579D5DF37F94}
		{EA418E99-D9C3-43BF-A681-59DE79505BC7} = {3EF54B1D-35E7-4CC6-931B-579D5DF37F94}
		{59E9865D-ED45-4365-BD3A-8C9F18F44B91} = {3EF54B1D-35E7-4CC6-931B-579D5DF37F94}
		{AB1D0AA6-E57D-4F73-B479-E080833439BB} = {3EF54B1D-35E7-4CC6-931B-579D5DF37F94}
		{B2FC5075-CA64-4E70-BF19-5C6F8EF9407F} = {3EF54B1D-35E7-4CC6-931B-579D5DF37F94}
		{95F69AC1-2101-434F-B031-48B346D4831E} = {3EF54B1D-35E7-4CC6-931B-579D5DF37F94}
		{5C5F9D49-1CBE-42D5-898D-0816890BB6BF} = {3EF54B1D-35E7-4CC6-931B-579D5DF37F94}
		{A30669D7-C225-49D6-ABDB-86C2057E014D} = {3EF54B1D-35E7-4CC6-931B-579D5DF37F94}
		{6FF85D1B-B0C4-4F41-9375-6BFC090349BB} = {3EF54B1D-35E7-4CC6-931B-579D5DF37F94}
		{4B2B82DE-DA0F-4CF0-A777-D81AF364B995} = {3EF54B1D-35E7-4CC6-931B-579D5DF37F94}
		{6408DC8F-3AD4-4745-A31B-E9C2AAF1DC70} = {3EF54B1D-35E7-4CC6-931B-579D5DF37F94}
		{DB0C20C4-9726-4A61-AA9A-FD37E0C40665} = {3EF54B1D-35E7-4CC6-931B-579D5DF37F94}
		{BB509FDA-7AF4-460B-94F3-C81AC2B4A3DD} = {3EF54B1D-35E7-4CC6-931B-579D5DF37F94}
		{0A980293-5E54-4623-83AC-675DBB2D5844} = {3EF54B1D-35E7-4CC6-931B-579D5DF37F94}
		{7C95F692-FB8B-4388-B78A-638209BB1ECF} = {3EF54B1D-35E7-4CC6-931B-579D5DF37F94}
		{A5E0DFC1-C7A2-4808-90A8-76CAB4E37479} = {3EF54B1D-35E7-4CC6-931B-579D5DF37F94}
		{E5D4E52A-32B8-4D6C-BE9F-E4B0ABCD63E9} = {3EF54B1D-35E7-4CC6-931B-579D5DF37F94}
		{735AC264-28E2-4CE9-A5AB-55D1A9FFA7E3} = {3EF54B1D-35E7-4CC6-931B-579D5DF37F94}
		{4942A7F7-A4E2-484A-A10E-0E99A04A9560} = {3EF54B1D-35E7-4CC6-931B-579D5DF37F94}
		{06CFE68E-5D5A-4EB9-B4EF-B7D08A581143} = {3EF54B1D-35E7-4CC6-931B-579D5DF37F94}
		{F176503F-50FB-4696-A154-522E0B495319} = {3EF54B1D-35E7-4CC6-931B-579D5DF37F94}
		{44433B53-C39C-4116-9789-08C6FAE39575} = {3EF54B1D-35E7-4CC6-931B-579D5DF37F94}
		{A12C04EE-0A5C-4E6F-9B73-9D4266A24C27} = {3EF54B1D-35E7-4CC6-931B-579D5DF37F94}
		{E206C55B-B27F-4C4A-A323-878BDADEF3DB} = {02182DB8-B990-486D-9B41-5E8253FAF020}
		{0AC3C829-A90A-4ABB-A96A-4E28C672E5EE} = {0D7B9A62-6AB6-4489-81C4-38C288222122}
		{8971B2C6-36B9-421A-BC54-80C7282A5893} = {0CF998F0-1935-4A4F-BDB4-D12FE030599F}
		{4284AB30-D4E0-4A73-B511-1C2DD6E5AB22} = {0CF998F0-1935-4A4F-BDB4-D12FE030599F}
		{AF9F3607-9C2A-4BD0-9F1B-EE9ECDD7B200} = {0CF998F0-1935-4A4F-BDB4-D12FE030599F}
		{1EDA7F40-2F04-4D1D-A298-0D2F98341EFE} = {51D90D08-23A2-4950-B58A-AA12F55A2D73}
		{2AFB7845-4258-4FE9-8023-762DBFDED812} = {51D90D08-23A2-4950-B58A-AA12F55A2D73}
		{8914A578-69AC-4B33-91C8-13D831219170} = {51D90D08-23A2-4950-B58A-AA12F55A2D73}
		{5A965013-0E13-4FE2-B916-C753813603BE} = {51D90D08-23A2-4950-B58A-AA12F55A2D73}
		{2B94C1C2-A5EE-4475-B768-A0F8DECC53CD} = {51D90D08-23A2-4950-B58A-AA12F55A2D73}
		{BE689102-A2B6-4548-96D6-981334FAA777} = {2023ED33-D591-4E8F-B7B7-16369A6911F5}
		{D25FCDDD-915C-41E5-AD0F-93A08A86D41C} = {2023ED33-D591-4E8F-B7B7-16369A6911F5}
		{BAEE03AE-EBA9-4BF5-A1D9-A54E59890147} = {2023ED33-D591-4E8F-B7B7-16369A6911F5}
		{0694A0CC-4F64-4B3E-A186-FE28BAFBB966} = {2023ED33-D591-4E8F-B7B7-16369A6911F5}
		{0EC07B99-80A5-4F29-91B0-53F012B622FD} = {2023ED33-D591-4E8F-B7B7-16369A6911F5}
		{374C92FC-4E89-414D-B26D-6D0F001EAE7A} = {2023ED33-D591-4E8F-B7B7-16369A6911F5}
		{A620358E-97E4-4618-BA02-30025023D326} = {2023ED33-D591-4E8F-B7B7-16369A6911F5}
		{CDD40A82-F177-47E0-A132-9F60CA2AD6CF} = {208F0995-AB4B-4734-BF30-74513BAB4A59}
		{1FD36ED4-EC81-4D13-9F94-3D7CD7485301} = {208F0995-AB4B-4734-BF30-74513BAB4A59}
		{6E1B2B5D-CBD4-4BFF-B1FD-5FB6885F9F01} = {208F0995-AB4B-4734-BF30-74513BAB4A59}
		{A7204692-909B-426C-B060-F44A46F8C58C} = {208F0995-AB4B-4734-BF30-74513BAB4A59}
		{CC133DE2-9EFB-4F41-B616-5FD833239B79} = {208F0995-AB4B-4734-BF30-74513BAB4A59}
		{D42EE980-5608-4D56-8258-667D0642C6F5} = {208F0995-AB4B-4734-BF30-74513BAB4A59}
		{9A2D92B8-2E94-44F4-A9BE-00B9EF6D7D2F} = {208F0995-AB4B-4734-BF30-74513BAB4A59}
		{F5803572-6F5F-4D56-93D1-51999598BD93} = {208F0995-AB4B-4734-BF30-74513BAB4A59}
		{63D44F41-0657-4CD8-BA10-503CF364FF8B} = {208F0995-AB4B-4734-BF30-74513BAB4A59}
		{EC9C5C04-FC49-4A29-BD5B-2F418E833988} = {208F0995-AB4B-4734-BF30-74513BAB4A59}
		{8DF25F3F-395F-45BF-B4AC-B7F27463D64C} = {208F0995-AB4B-4734-BF30-74513BAB4A59}
		{A0B51739-E797-4006-BCAD-E5F9675FAD55} = {208F0995-AB4B-4734-BF30-74513BAB4A59}
		{C2497D2D-5C8A-4226-8F57-BE97B06E311E} = {208F0995-AB4B-4734-BF30-74513BAB4A59}
		{074498B5-64CB-4AC6-920B-42E0B2CBFFC3} = {208F0995-AB4B-4734-BF30-74513BAB4A59}
		{79233EA1-A882-460C-9652-308674302041} = {208F0995-AB4B-4734-BF30-74513BAB4A59}
		{F1FBFE29-0B37-484D-AC5A-DE8AA3C0F97C} = {208F0995-AB4B-4734-BF30-74513BAB4A59}
		{7002FD8F-C2BD-456A-A1F0-DA569949067F} = {208F0995-AB4B-4734-BF30-74513BAB4A59}
		{960FBDCD-D10B-4429-A93F-4EE5DDE27FF9} = {208F0995-AB4B-4734-BF30-74513BAB4A59}
		{52D4DE92-65C1-41B0-86E5-2C1DD2D5A8B9} = {208F0995-AB4B-4734-BF30-74513BAB4A59}
		{9D4E88B5-1E19-44F0-948F-E9876523F735} = {208F0995-AB4B-4734-BF30-74513BAB4A59}
		{4CA996F1-0B95-4763-8A9C-4C0E0F502617} = {208F0995-AB4B-4734-BF30-74513BAB4A59}
		{EAC53B42-01C4-4ED8-AEA1-E61C8154A4AF} = {208F0995-AB4B-4734-BF30-74513BAB4A59}
		{683DC69F-A392-4AB3-96D7-BAF6A8D81460} = {208F0995-AB4B-4734-BF30-74513BAB4A59}
		{789DCCAF-89BD-423F-8CCC-9BDBE7303E3E} = {208F0995-AB4B-4734-BF30-74513BAB4A59}
		{8EE6FB6B-7509-4F31-8370-75C541AA3FAA} = {208F0995-AB4B-4734-BF30-74513BAB4A59}
		{967DB08B-7552-45F4-90C8-76BBF7486806} = {208F0995-AB4B-4734-BF30-74513BAB4A59}
	EndGlobalSection
EndGlobal
